
Microsoft Visual Studio Solution File, Format Version 12.00
# Visual Studio Version 17
VisualStudioVersion = 17.11.35312.102
MinimumVisualStudioVersion = 10.0.40219.1
Project("{2150E333-8FDC-42A3-9474-1A3956D46DE8}") = "Server", "Server", "{8CA99F43-D352-456C-82DA-C0E80522B9AF}"
EndProject
Project("{9A19103F-16F7-4668-BE54-9A1E7A4F7556}") = "WebServerApplication", "Server\WebServerApplication\WebServerApplication.csproj", "{9F3CFBDE-C8AE-4E01-98D1-36BE0156845D}"
EndProject
Project("{2150E333-8FDC-42A3-9474-1A3956D46DE8}") = "Client", "Client", "{6437F117-8824-4F0D-895F-78B8F03C516D}"
EndProject
Project("{2150E333-8FDC-42A3-9474-1A3956D46DE8}") = "Shared", "Shared", "{31BCB135-9B37-461B-BF1E-7D38BDD869BD}"
EndProject
Project("{9A19103F-16F7-4668-BE54-9A1E7A4F7556}") = "RpcLibrary.Shared", "Shared\RpcLibrary.Shared\RpcLibrary.Shared.csproj", "{9B5FE4E3-EB48-48C1-BE8A-50F8C2099EBB}"
EndProject
Project("{2150E333-8FDC-42A3-9474-1A3956D46DE8}") = ".Solutions", ".Solutions", "{2614DDEC-DDB1-4161-A90F-607563B20F09}"
	ProjectSection(SolutionItems) = preProject
		Directory.Build.props = Directory.Build.props
	EndProjectSection
EndProject
Project("{9A19103F-16F7-4668-BE54-9A1E7A4F7556}") = "AvaloniaApplication", "Client\AvaloniaApplication\AvaloniaApplication.csproj", "{3B4FDFB8-D1E8-4698-9013-C36EC2C26517}"
EndProject
Project("{9A19103F-16F7-4668-BE54-9A1E7A4F7556}") = "AvaloniaApplication.Browser", "Client\AvaloniaApplication.Browser\AvaloniaApplication.Browser.csproj", "{4FF53729-6873-4538-9E5A-464112B9A233}"
EndProject
Project("{9A19103F-16F7-4668-BE54-9A1E7A4F7556}") = "AvaloniaApplication.Desktop", "Client\AvaloniaApplication.Desktop\AvaloniaApplication.Desktop.csproj", "{DBDD0333-AB45-4363-8F65-D19166D26996}"
EndProject
Global
	GlobalSection(SolutionConfigurationPlatforms) = preSolution
		Debug|Any CPU = Debug|Any CPU
		Release|Any CPU = Release|Any CPU
	EndGlobalSection
	GlobalSection(ProjectConfigurationPlatforms) = postSolution
		{9F3CFBDE-C8AE-4E01-98D1-36BE0156845D}.Debug|Any CPU.ActiveCfg = Debug|Any CPU
		{9F3CFBDE-C8AE-4E01-98D1-36BE0156845D}.Debug|Any CPU.Build.0 = Debug|Any CPU
		{9F3CFBDE-C8AE-4E01-98D1-36BE0156845D}.Release|Any CPU.ActiveCfg = Release|Any CPU
		{9F3CFBDE-C8AE-4E01-98D1-36BE0156845D}.Release|Any CPU.Build.0 = Release|Any CPU
		{9B5FE4E3-EB48-48C1-BE8A-50F8C2099EBB}.Debug|Any CPU.ActiveCfg = Debug|Any CPU
		{9B5FE4E3-EB48-48C1-BE8A-50F8C2099EBB}.Debug|Any CPU.Build.0 = Debug|Any CPU
		{9B5FE4E3-EB48-48C1-BE8A-50F8C2099EBB}.Release|Any CPU.ActiveCfg = Release|Any CPU
		{9B5FE4E3-EB48-48C1-BE8A-50F8C2099EBB}.Release|Any CPU.Build.0 = Release|Any CPU
		{3B4FDFB8-D1E8-4698-9013-C36EC2C26517}.Debug|Any CPU.ActiveCfg = Debug|Any CPU
		{3B4FDFB8-D1E8-4698-9013-C36EC2C26517}.Debug|Any CPU.Build.0 = Debug|Any CPU
		{3B4FDFB8-D1E8-4698-9013-C36EC2C26517}.Release|Any CPU.ActiveCfg = Release|Any CPU
		{3B4FDFB8-D1E8-4698-9013-C36EC2C26517}.Release|Any CPU.Build.0 = Release|Any CPU
		{4FF53729-6873-4538-9E5A-464112B9A233}.Debug|Any CPU.ActiveCfg = Debug|Any CPU
		{4FF53729-6873-4538-9E5A-464112B9A233}.Debug|Any CPU.Build.0 = Debug|Any CPU
		{4FF53729-6873-4538-9E5A-464112B9A233}.Release|Any CPU.ActiveCfg = Release|Any CPU
		{4FF53729-6873-4538-9E5A-464112B9A233}.Release|Any CPU.Build.0 = Release|Any CPU
		{DBDD0333-AB45-4363-8F65-D19166D26996}.Debug|Any CPU.ActiveCfg = Debug|Any CPU
		{DBDD0333-AB45-4363-8F65-D19166D26996}.Debug|Any CPU.Build.0 = Debug|Any CPU
		{DBDD0333-AB45-4363-8F65-D19166D26996}.Release|Any CPU.ActiveCfg = Release|Any CPU
		{DBDD0333-AB45-4363-8F65-D19166D26996}.Release|Any CPU.Build.0 = Release|Any CPU
	EndGlobalSection
	GlobalSection(SolutionProperties) = preSolution
		HideSolutionNode = FALSE
	EndGlobalSection
	GlobalSection(NestedProjects) = preSolution
		{9F3CFBDE-C8AE-4E01-98D1-36BE0156845D} = {8CA99F43-D352-456C-82DA-C0E80522B9AF}
		{9B5FE4E3-EB48-48C1-BE8A-50F8C2099EBB} = {31BCB135-9B37-461B-BF1E-7D38BDD869BD}
		{3B4FDFB8-D1E8-4698-9013-C36EC2C26517} = {6437F117-8824-4F0D-895F-78B8F03C516D}
		{4FF53729-6873-4538-9E5A-464112B9A233} = {6437F117-8824-4F0D-895F-78B8F03C516D}
		{DBDD0333-AB45-4363-8F65-D19166D26996} = {6437F117-8824-4F0D-895F-78B8F03C516D}
	EndGlobalSection
	GlobalSection(ExtensibilityGlobals) = postSolution
		SolutionGuid = {5D28ECFC-1CE1-499D-A391-7CC3EDE2755C}
	EndGlobalSection
EndGlobal
