
Microsoft Visual Studio Solution File, Format Version 12.00
# Visual Studio Version 16
VisualStudioVersion = 16.0.30804.86
MinimumVisualStudioVersion = 10.0.40219.1
Project("{9A19103F-16F7-4668-BE54-9A1E7A4F7556}") = "RRQMSocket", "RRQMSocket\RRQMSocket.csproj", "{2869A094-BBB1-4F15-A54D-581BC927E92E}"
EndProject
Project("{9A19103F-16F7-4668-BE54-9A1E7A4F7556}") = "RRQMSocket.FileTransfer", "RRQMSocket.FileTransfer\RRQMSocket.FileTransfer.csproj", "{717FB0F1-3DA3-4A70-9502-8BAA8A949672}"
EndProject
Project("{9A19103F-16F7-4668-BE54-9A1E7A4F7556}") = "RRQMSocket.Http", "RRQMSocket.Http\RRQMSocket.Http.csproj", "{94F85A89-73E3-4DB2-A87F-CDE9B71CF6F3}"
EndProject
Project("{9A19103F-16F7-4668-BE54-9A1E7A4F7556}") = "RRQMSocket.RPC", "RRQMSocket.RPC\RRQMSocket.RPC.csproj", "{E88189B5-188B-4798-B5A5-FB8AF9C2A3E3}"
EndProject
Project("{9A19103F-16F7-4668-BE54-9A1E7A4F7556}") = "RRQMSocket.RPC.WebApi", "RRQMSocket.RPC.WebApi\RRQMSocket.RPC.WebApi.csproj", "{1B2A025A-4D72-4C33-89E3-7DDC5A503A52}"
EndProject
Project("{FAE04EC0-301F-11D3-BF4B-00C04F79EFBC}") = "RRQMSocket.RPC.XmlRpc", "RRQMSocket.RPC.XmlRpc\RRQMSocket.RPC.XmlRpc.csproj", "{7A7EFF80-EBDD-4205-901F-B8F4C22307DF}"
EndProject
Global
	GlobalSection(SolutionConfigurationPlatforms) = preSolution
		Debug|Any CPU = Debug|Any CPU
		Release|Any CPU = Release|Any CPU
	EndGlobalSection
	GlobalSection(ProjectConfigurationPlatforms) = postSolution
		{2869A094-BBB1-4F15-A54D-581BC927E92E}.Debug|Any CPU.ActiveCfg = Debug|Any CPU
		{2869A094-BBB1-4F15-A54D-581BC927E92E}.Debug|Any CPU.Build.0 = Debug|Any CPU
		{2869A094-BBB1-4F15-A54D-581BC927E92E}.Release|Any CPU.ActiveCfg = Release|Any CPU
		{2869A094-BBB1-4F15-A54D-581BC927E92E}.Release|Any CPU.Build.0 = Release|Any CPU
		{717FB0F1-3DA3-4A70-9502-8BAA8A949672}.Debug|Any CPU.ActiveCfg = Debug|Any CPU
		{717FB0F1-3DA3-4A70-9502-8BAA8A949672}.Debug|Any CPU.Build.0 = Debug|Any CPU
		{717FB0F1-3DA3-4A70-9502-8BAA8A949672}.Release|Any CPU.ActiveCfg = Release|Any CPU
		{717FB0F1-3DA3-4A70-9502-8BAA8A949672}.Release|Any CPU.Build.0 = Release|Any CPU
		{94F85A89-73E3-4DB2-A87F-CDE9B71CF6F3}.Debug|Any CPU.ActiveCfg = Debug|Any CPU
		{94F85A89-73E3-4DB2-A87F-CDE9B71CF6F3}.Debug|Any CPU.Build.0 = Debug|Any CPU
		{94F85A89-73E3-4DB2-A87F-CDE9B71CF6F3}.Release|Any CPU.ActiveCfg = Release|Any CPU
		{94F85A89-73E3-4DB2-A87F-CDE9B71CF6F3}.Release|Any CPU.Build.0 = Release|Any CPU
		{E88189B5-188B-4798-B5A5-FB8AF9C2A3E3}.Debug|Any CPU.ActiveCfg = Debug|Any CPU
		{E88189B5-188B-4798-B5A5-FB8AF9C2A3E3}.Debug|Any CPU.Build.0 = Debug|Any CPU
		{E88189B5-188B-4798-B5A5-FB8AF9C2A3E3}.Release|Any CPU.ActiveCfg = Release|Any CPU
		{E88189B5-188B-4798-B5A5-FB8AF9C2A3E3}.Release|Any CPU.Build.0 = Release|Any CPU
		{1B2A025A-4D72-4C33-89E3-7DDC5A503A52}.Debug|Any CPU.ActiveCfg = Debug|Any CPU
		{1B2A025A-4D72-4C33-89E3-7DDC5A503A52}.Debug|Any CPU.Build.0 = Debug|Any CPU
		{1B2A025A-4D72-4C33-89E3-7DDC5A503A52}.Release|Any CPU.ActiveCfg = Release|Any CPU
		{1B2A025A-4D72-4C33-89E3-7DDC5A503A52}.Release|Any CPU.Build.0 = Release|Any CPU
		{7A7EFF80-EBDD-4205-901F-B8F4C22307DF}.Debug|Any CPU.ActiveCfg = Debug|Any CPU
		{7A7EFF80-EBDD-4205-901F-B8F4C22307DF}.Debug|Any CPU.Build.0 = Debug|Any CPU
		{7A7EFF80-EBDD-4205-901F-B8F4C22307DF}.Release|Any CPU.ActiveCfg = Release|Any CPU
		{7A7EFF80-EBDD-4205-901F-B8F4C22307DF}.Release|Any CPU.Build.0 = Release|Any CPU
	EndGlobalSection
	GlobalSection(SolutionProperties) = preSolution
		HideSolutionNode = FALSE
	EndGlobalSection
	GlobalSection(ExtensibilityGlobals) = postSolution
		SolutionGuid = {DB787235-A13A-4A3D-B5A8-5DFEB6511EEE}
	EndGlobalSection
EndGlobal
