
Microsoft Visual Studio Solution File, Format Version 12.00
# Visual Studio Version 16
VisualStudioVersion = 16.0.32428.217
MinimumVisualStudioVersion = 10.0.40219.1
Project("{2150E333-8FDC-42A3-9474-1A3956D46DE8}") = "src", "src", "{06A5E4BC-4AE9-4F5F-BF8E-C6651413442B}"
EndProject
Project("{9A19103F-16F7-4668-BE54-9A1E7A4F7556}") = "RRQMSocket", "src\RRQMSocket\RRQMSocket.csproj", "{35F750B3-E4FE-4393-80BD-DA7CF2A584A3}"
EndProject
Project("{9A19103F-16F7-4668-BE54-9A1E7A4F7556}") = "RRQMCore", "src\RRQMCore\RRQMCore.csproj", "{B2ECE80C-5473-4774-A729-4360B60EDB73}"
EndProject
Project("{2150E333-8FDC-42A3-9474-1A3956D46DE8}") = "examples", "examples", "{517CF381-4C15-4519-9BC4-92DC4C412C8D}"
EndProject
Project("{FAE04EC0-301F-11D3-BF4B-00C04F79EFBC}") = "ServiceApp", "examples\ServiceApp\ServiceApp.csproj", "{6BEF15C2-29A2-4E57-8879-1B4AD0B4935E}"
EndProject
Project("{FAE04EC0-301F-11D3-BF4B-00C04F79EFBC}") = "ClientApp", "examples\ClientApp\ClientApp.csproj", "{0B7591F5-37C8-4570-ACEF-782CE3F12957}"
EndProject
Project("{2150E333-8FDC-42A3-9474-1A3956D46DE8}") = "Tcp简单示例", "Tcp简单示例", "{FB46E926-0EEC-488C-B950-A16D2E7F694B}"
EndProject
Project("{2150E333-8FDC-42A3-9474-1A3956D46DE8}") = "doc", "doc", "{5F888345-EC9C-4AC3-B4D5-D9510A32C9DC}"
	ProjectSection(SolutionItems) = preProject
		源码编译相关问题.txt = 源码编译相关问题.txt
	EndProjectSection
EndProject
Project("{2150E333-8FDC-42A3-9474-1A3956D46DE8}") = "Udp简单示例", "Udp简单示例", "{F4D798A3-8D65-4750-9552-B02BCE081508}"
EndProject
Project("{9A19103F-16F7-4668-BE54-9A1E7A4F7556}") = "UdpDemoApp", "examples\UdpDemoApp\UdpDemoApp.csproj", "{1C5F10E8-9F7E-495F-BFB3-DE9ED12480CA}"
EndProject
Project("{2150E333-8FDC-42A3-9474-1A3956D46DE8}") = "适配器示例", "适配器示例", "{F8C07F29-7233-4FD3-A3DC-45963071E20A}"
EndProject
Project("{9A19103F-16F7-4668-BE54-9A1E7A4F7556}") = "AdapterConsoleApp", "examples\AdapterConsoleApp\AdapterConsoleApp.csproj", "{EA91FC37-341E-43C5-B5ED-AA2E363F0C68}"
EndProject
Project("{2150E333-8FDC-42A3-9474-1A3956D46DE8}") = "插件示例", "插件示例", "{397AE2E0-1FB6-4B71-A888-328FF7FA05B4}"
EndProject
Project("{9A19103F-16F7-4668-BE54-9A1E7A4F7556}") = "PluginConsoleApp", "examples\PluginConsoleApp\PluginConsoleApp.csproj", "{2DA72D0E-DAAC-4272-A10E-1EF89439636B}"
EndProject
Project("{2150E333-8FDC-42A3-9474-1A3956D46DE8}") = "Consul集群示例", "Consul集群示例", "{B405B0AE-6ECD-4586-B3D6-9D875073DFAF}"
EndProject
Project("{9A19103F-16F7-4668-BE54-9A1E7A4F7556}") = "ConsulConsoleApp", "examples\ConsulConsoleApp\ConsulConsoleApp.csproj", "{657BDC94-A1A5-44B3-8FA1-41531C6F7321}"
EndProject
Project("{2150E333-8FDC-42A3-9474-1A3956D46DE8}") = "NATService示例", "NATService示例", "{825D21FC-245C-4B6B-B237-E4ADEB2C98DC}"
EndProject
Project("{FAE04EC0-301F-11D3-BF4B-00C04F79EFBC}") = "NATServiceConsoleApp", "examples\NATServiceConsoleApp\NATServiceConsoleApp.csproj", "{84206421-460C-4743-BA10-A749436AB4DE}"
EndProject
Global
	GlobalSection(SolutionConfigurationPlatforms) = preSolution
		Debug|Any CPU = Debug|Any CPU
		Release|Any CPU = Release|Any CPU
	EndGlobalSection
	GlobalSection(ProjectConfigurationPlatforms) = postSolution
		{35F750B3-E4FE-4393-80BD-DA7CF2A584A3}.Debug|Any CPU.ActiveCfg = Debug|Any CPU
		{35F750B3-E4FE-4393-80BD-DA7CF2A584A3}.Debug|Any CPU.Build.0 = Debug|Any CPU
		{35F750B3-E4FE-4393-80BD-DA7CF2A584A3}.Release|Any CPU.ActiveCfg = Release|Any CPU
		{35F750B3-E4FE-4393-80BD-DA7CF2A584A3}.Release|Any CPU.Build.0 = Release|Any CPU
		{B2ECE80C-5473-4774-A729-4360B60EDB73}.Debug|Any CPU.ActiveCfg = Debug|Any CPU
		{B2ECE80C-5473-4774-A729-4360B60EDB73}.Debug|Any CPU.Build.0 = Debug|Any CPU
		{B2ECE80C-5473-4774-A729-4360B60EDB73}.Release|Any CPU.ActiveCfg = Release|Any CPU
		{B2ECE80C-5473-4774-A729-4360B60EDB73}.Release|Any CPU.Build.0 = Release|Any CPU
		{6BEF15C2-29A2-4E57-8879-1B4AD0B4935E}.Debug|Any CPU.ActiveCfg = Debug|Any CPU
		{6BEF15C2-29A2-4E57-8879-1B4AD0B4935E}.Debug|Any CPU.Build.0 = Debug|Any CPU
		{6BEF15C2-29A2-4E57-8879-1B4AD0B4935E}.Release|Any CPU.ActiveCfg = Release|Any CPU
		{6BEF15C2-29A2-4E57-8879-1B4AD0B4935E}.Release|Any CPU.Build.0 = Release|Any CPU
		{0B7591F5-37C8-4570-ACEF-782CE3F12957}.Debug|Any CPU.ActiveCfg = Debug|Any CPU
		{0B7591F5-37C8-4570-ACEF-782CE3F12957}.Debug|Any CPU.Build.0 = Debug|Any CPU
		{0B7591F5-37C8-4570-ACEF-782CE3F12957}.Release|Any CPU.ActiveCfg = Release|Any CPU
		{0B7591F5-37C8-4570-ACEF-782CE3F12957}.Release|Any CPU.Build.0 = Release|Any CPU
		{1C5F10E8-9F7E-495F-BFB3-DE9ED12480CA}.Debug|Any CPU.ActiveCfg = Debug|Any CPU
		{1C5F10E8-9F7E-495F-BFB3-DE9ED12480CA}.Debug|Any CPU.Build.0 = Debug|Any CPU
		{1C5F10E8-9F7E-495F-BFB3-DE9ED12480CA}.Release|Any CPU.ActiveCfg = Release|Any CPU
		{1C5F10E8-9F7E-495F-BFB3-DE9ED12480CA}.Release|Any CPU.Build.0 = Release|Any CPU
		{EA91FC37-341E-43C5-B5ED-AA2E363F0C68}.Debug|Any CPU.ActiveCfg = Debug|Any CPU
		{EA91FC37-341E-43C5-B5ED-AA2E363F0C68}.Debug|Any CPU.Build.0 = Debug|Any CPU
		{EA91FC37-341E-43C5-B5ED-AA2E363F0C68}.Release|Any CPU.ActiveCfg = Release|Any CPU
		{EA91FC37-341E-43C5-B5ED-AA2E363F0C68}.Release|Any CPU.Build.0 = Release|Any CPU
		{2DA72D0E-DAAC-4272-A10E-1EF89439636B}.Debug|Any CPU.ActiveCfg = Debug|Any CPU
		{2DA72D0E-DAAC-4272-A10E-1EF89439636B}.Debug|Any CPU.Build.0 = Debug|Any CPU
		{2DA72D0E-DAAC-4272-A10E-1EF89439636B}.Release|Any CPU.ActiveCfg = Release|Any CPU
		{2DA72D0E-DAAC-4272-A10E-1EF89439636B}.Release|Any CPU.Build.0 = Release|Any CPU
		{657BDC94-A1A5-44B3-8FA1-41531C6F7321}.Debug|Any CPU.ActiveCfg = Debug|Any CPU
		{657BDC94-A1A5-44B3-8FA1-41531C6F7321}.Debug|Any CPU.Build.0 = Debug|Any CPU
		{657BDC94-A1A5-44B3-8FA1-41531C6F7321}.Release|Any CPU.ActiveCfg = Release|Any CPU
		{657BDC94-A1A5-44B3-8FA1-41531C6F7321}.Release|Any CPU.Build.0 = Release|Any CPU
		{84206421-460C-4743-BA10-A749436AB4DE}.Debug|Any CPU.ActiveCfg = Debug|Any CPU
		{84206421-460C-4743-BA10-A749436AB4DE}.Debug|Any CPU.Build.0 = Debug|Any CPU
		{84206421-460C-4743-BA10-A749436AB4DE}.Release|Any CPU.ActiveCfg = Release|Any CPU
		{84206421-460C-4743-BA10-A749436AB4DE}.Release|Any CPU.Build.0 = Release|Any CPU
	EndGlobalSection
	GlobalSection(SolutionProperties) = preSolution
		HideSolutionNode = FALSE
	EndGlobalSection
	GlobalSection(NestedProjects) = preSolution
		{35F750B3-E4FE-4393-80BD-DA7CF2A584A3} = {06A5E4BC-4AE9-4F5F-BF8E-C6651413442B}
		{B2ECE80C-5473-4774-A729-4360B60EDB73} = {06A5E4BC-4AE9-4F5F-BF8E-C6651413442B}
		{6BEF15C2-29A2-4E57-8879-1B4AD0B4935E} = {FB46E926-0EEC-488C-B950-A16D2E7F694B}
		{0B7591F5-37C8-4570-ACEF-782CE3F12957} = {FB46E926-0EEC-488C-B950-A16D2E7F694B}
		{FB46E926-0EEC-488C-B950-A16D2E7F694B} = {517CF381-4C15-4519-9BC4-92DC4C412C8D}
		{F4D798A3-8D65-4750-9552-B02BCE081508} = {517CF381-4C15-4519-9BC4-92DC4C412C8D}
		{1C5F10E8-9F7E-495F-BFB3-DE9ED12480CA} = {F4D798A3-8D65-4750-9552-B02BCE081508}
		{F8C07F29-7233-4FD3-A3DC-45963071E20A} = {517CF381-4C15-4519-9BC4-92DC4C412C8D}
		{EA91FC37-341E-43C5-B5ED-AA2E363F0C68} = {F8C07F29-7233-4FD3-A3DC-45963071E20A}
		{397AE2E0-1FB6-4B71-A888-328FF7FA05B4} = {517CF381-4C15-4519-9BC4-92DC4C412C8D}
		{2DA72D0E-DAAC-4272-A10E-1EF89439636B} = {397AE2E0-1FB6-4B71-A888-328FF7FA05B4}
		{B405B0AE-6ECD-4586-B3D6-9D875073DFAF} = {517CF381-4C15-4519-9BC4-92DC4C412C8D}
		{657BDC94-A1A5-44B3-8FA1-41531C6F7321} = {B405B0AE-6ECD-4586-B3D6-9D875073DFAF}
		{825D21FC-245C-4B6B-B237-E4ADEB2C98DC} = {517CF381-4C15-4519-9BC4-92DC4C412C8D}
		{84206421-460C-4743-BA10-A749436AB4DE} = {825D21FC-245C-4B6B-B237-E4ADEB2C98DC}
	EndGlobalSection
	GlobalSection(ExtensibilityGlobals) = postSolution
		SolutionGuid = {DB787235-A13A-4A3D-B5A8-5DFEB6511EEE}
	EndGlobalSection
EndGlobal
