Microsoft Visual Studio Solution File, Format Version 12.00
# Visual Studio Version 17
VisualStudioVersion = 17.3.32825.248
MinimumVisualStudioVersion = 10.0.40219.1
Project("{9A19103F-16F7-4668-BE54-9A1E7A4F7556}") = "XUnitTest", "XUnitTest\XUnitTest.csproj", "{AC10372D-5DB2-469E-BCAF-223AAD9722FC}"
EndProject
Project("{9A19103F-16F7-4668-BE54-9A1E7A4F7556}") = "Client", "Client\Client.csproj", "{9489AC66-7B3D-470A-A720-734DB75FB48A}"
EndProject
Global
	GlobalSection(SolutionConfigurationPlatforms) = preSolution
		Debug|Any CPU = Debug|Any CPU
		Release|Any CPU = Release|Any CPU
	EndGlobalSection
	GlobalSection(ProjectConfigurationPlatforms) = postSolution
		{AC10372D-5DB2-469E-BCAF-223AAD9722FC}.Debug|Any CPU.ActiveCfg = Debug|Any CPU
		{AC10372D-5DB2-469E-BCAF-223AAD9722FC}.Debug|Any CPU.Build.0 = Debug|Any CPU
		{AC10372D-5DB2-469E-BCAF-223AAD9722FC}.Release|Any CPU.ActiveCfg = Release|Any CPU
		{AC10372D-5DB2-469E-BCAF-223AAD9722FC}.Release|Any CPU.Build.0 = Release|Any CPU
		{9489AC66-7B3D-470A-A720-734DB75FB48A}.Debug|Any CPU.ActiveCfg = Debug|Any CPU
		{9489AC66-7B3D-470A-A720-734DB75FB48A}.Debug|Any CPU.Build.0 = Debug|Any CPU
		{9489AC66-7B3D-470A-A720-734DB75FB48A}.Release|Any CPU.ActiveCfg = Release|Any CPU
		{9489AC66-7B3D-470A-A720-734DB75FB48A}.Release|Any CPU.Build.0 = Release|Any CPU
	EndGlobalSection
	GlobalSection(SolutionProperties) = preSolution
		HideSolutionNode = FALSE
	EndGlobalSection
	GlobalSection(ExtensibilityGlobals) = postSolution
		SolutionGuid = {15522423-E912-48E9-94D4-0C626D45934F}
	EndGlobalSection
EndGlobal
