
Microsoft Visual Studio Solution File, Format Version 12.00
# Visual Studio Version 17
VisualStudioVersion = 17.7.34018.315
MinimumVisualStudioVersion = 10.0.40219.1
Project("{9A19103F-16F7-4668-BE54-9A1E7A4F7556}") = "TcpStressTestingConsoleApp", "TcpStressTestingConsoleApp\TcpStressTestingConsoleApp.csproj", "{6A6BC0FE-40D2-430C-A325-758248A44DFD}"
EndProject
Project("{9A19103F-16F7-4668-BE54-9A1E7A4F7556}") = "TcpFlowStressTestingConsoleApp", "TcpFlowStressTestingConsoleApp\TcpFlowStressTestingConsoleApp.csproj", "{77D2FA9E-E523-4419-9CD5-A6153A985F07}"
EndProject
Global
	GlobalSection(SolutionConfigurationPlatforms) = preSolution
		Debug|Any CPU = Debug|Any CPU
		Release|Any CPU = Release|Any CPU
	EndGlobalSection
	GlobalSection(ProjectConfigurationPlatforms) = postSolution
		{6A6BC0FE-40D2-430C-A325-758248A44DFD}.Debug|Any CPU.ActiveCfg = Debug|Any CPU
		{6A6BC0FE-40D2-430C-A325-758248A44DFD}.Debug|Any CPU.Build.0 = Debug|Any CPU
		{6A6BC0FE-40D2-430C-A325-758248A44DFD}.Release|Any CPU.ActiveCfg = Release|Any CPU
		{6A6BC0FE-40D2-430C-A325-758248A44DFD}.Release|Any CPU.Build.0 = Release|Any CPU
		{77D2FA9E-E523-4419-9CD5-A6153A985F07}.Debug|Any CPU.ActiveCfg = Debug|Any CPU
		{77D2FA9E-E523-4419-9CD5-A6153A985F07}.Debug|Any CPU.Build.0 = Debug|Any CPU
		{77D2FA9E-E523-4419-9CD5-A6153A985F07}.Release|Any CPU.ActiveCfg = Release|Any CPU
		{77D2FA9E-E523-4419-9CD5-A6153A985F07}.Release|Any CPU.Build.0 = Release|Any CPU
	EndGlobalSection
	GlobalSection(SolutionProperties) = preSolution
		HideSolutionNode = FALSE
	EndGlobalSection
	GlobalSection(ExtensibilityGlobals) = postSolution
		SolutionGuid = {4C3BFB6C-8D50-4805-8FA4-4A19DCA262DD}
	EndGlobalSection
EndGlobal
