
Microsoft Visual Studio Solution File, Format Version 12.00
# Visual Studio Version 17
VisualStudioVersion = 17.3.32825.248
MinimumVisualStudioVersion = 10.0.40219.1
Project("{9A19103F-16F7-4668-BE54-9A1E7A4F7556}") = "Service", "TestService\Service.csproj", "{511575BF-3552-4693-BC94-33C36559B6B2}"
EndProject
Project("{9A19103F-16F7-4668-BE54-9A1E7A4F7556}") = "RpcArgsClassLib", "RpcArgsClassLib\RpcArgsClassLib.csproj", "{C9D8D7BF-361E-4FE6-8207-A1DBD9B9D1C2}"
EndProject
Global
	GlobalSection(SolutionConfigurationPlatforms) = preSolution
		Debug|Any CPU = Debug|Any CPU
		Release|Any CPU = Release|Any CPU
	EndGlobalSection
	GlobalSection(ProjectConfigurationPlatforms) = postSolution
		{511575BF-3552-4693-BC94-33C36559B6B2}.Debug|Any CPU.ActiveCfg = Debug|Any CPU
		{511575BF-3552-4693-BC94-33C36559B6B2}.Debug|Any CPU.Build.0 = Debug|Any CPU
		{511575BF-3552-4693-BC94-33C36559B6B2}.Release|Any CPU.ActiveCfg = Release|Any CPU
		{511575BF-3552-4693-BC94-33C36559B6B2}.Release|Any CPU.Build.0 = Release|Any CPU
		{C9D8D7BF-361E-4FE6-8207-A1DBD9B9D1C2}.Debug|Any CPU.ActiveCfg = Debug|Any CPU
		{C9D8D7BF-361E-4FE6-8207-A1DBD9B9D1C2}.Debug|Any CPU.Build.0 = Debug|Any CPU
		{C9D8D7BF-361E-4FE6-8207-A1DBD9B9D1C2}.Release|Any CPU.ActiveCfg = Release|Any CPU
		{C9D8D7BF-361E-4FE6-8207-A1DBD9B9D1C2}.Release|Any CPU.Build.0 = Release|Any CPU
	EndGlobalSection
	GlobalSection(SolutionProperties) = preSolution
		HideSolutionNode = FALSE
	EndGlobalSection
	GlobalSection(ExtensibilityGlobals) = postSolution
		SolutionGuid = {5BB08AC0-8102-4AFB-BA22-F13EDD701E07}
	EndGlobalSection
EndGlobal
