
Microsoft Visual Studio Solution File, Format Version 12.00
# Visual Studio Version 17
VisualStudioVersion = 17.3.32922.545
MinimumVisualStudioVersion = 10.0.40219.1
Project("{2150E333-8FDC-42A3-9474-1A3956D46DE8}") = "Tcp", "Tcp", "{FB46E926-0EEC-488C-B950-A16D2E7F694B}"
EndProject
Project("{2150E333-8FDC-42A3-9474-1A3956D46DE8}") = "Udp", "Udp", "{F4D798A3-8D65-4750-9552-B02BCE081508}"
EndProject
Project("{2150E333-8FDC-42A3-9474-1A3956D46DE8}") = "Adapter", "Adapter", "{F8C07F29-7233-4FD3-A3DC-45963071E20A}"
EndProject
Project("{2150E333-8FDC-42A3-9474-1A3956D46DE8}") = "Consul简单示例", "Consul简单示例", "{B405B0AE-6ECD-4586-B3D6-9D875073DFAF}"
EndProject
Project("{2150E333-8FDC-42A3-9474-1A3956D46DE8}") = "Ssl证书相关", "Ssl证书相关", "{4D592C10-4AF8-435E-9DB2-A718AB9BF9C4}"
	ProjectSection(SolutionItems) = preProject
		Ssl证书相关\证书生成.zip = Ssl证书相关\证书生成.zip
	EndProjectSection
EndProject
Project("{2150E333-8FDC-42A3-9474-1A3956D46DE8}") = "Dmtp集群", "Dmtp集群", "{DC9E894F-E65F-443E-9F4E-6FEDB46F06DC}"
EndProject
Project("{9A19103F-16F7-4668-BE54-9A1E7A4F7556}") = "WinFormsApp", "Consul集群示例\TouchRpc Consul集群\WinFormsApp\WinFormsApp.csproj", "{558B024C-981D-4288-99D2-5B6C0C30C427}"
EndProject
Project("{9A19103F-16F7-4668-BE54-9A1E7A4F7556}") = "ServiceConsoleApp", "Consul集群示例\TouchRpc Consul集群\ServiceConsoleApp\ServiceConsoleApp.csproj", "{FF655439-DFFE-4BE4-AB76-BC84EE188C7F}"
EndProject
Project("{2150E333-8FDC-42A3-9474-1A3956D46DE8}") = "Tcp集群", "Tcp集群", "{82B05679-3A56-4E9A-BFA3-B68D29821B8A}"
EndProject
Project("{9A19103F-16F7-4668-BE54-9A1E7A4F7556}") = "ConsulConsoleApp", "Consul集群示例\ConsulConsoleApp\ConsulConsoleApp.csproj", "{A9C4DF80-0A9F-4979-AB4B-201A5B573A61}"
EndProject
Project("{2150E333-8FDC-42A3-9474-1A3956D46DE8}") = "JsonRpc", "JsonRpc", "{969A695E-BEB5-45B8-93D8-B31640FA495D}"
EndProject
Project("{2150E333-8FDC-42A3-9474-1A3956D46DE8}") = "Http", "Http", "{EFB33E23-9E98-4B85-99E4-865705D5ACD2}"
EndProject
Project("{2150E333-8FDC-42A3-9474-1A3956D46DE8}") = "WebApi", "WebApi", "{5836A018-B0F3-4D6F-8C45-FC1E9C85D51A}"
EndProject
Project("{2150E333-8FDC-42A3-9474-1A3956D46DE8}") = "XmlRpc", "XmlRpc", "{94F46729-90A8-415A-92E0-2D996D3210B4}"
EndProject
Project("{2150E333-8FDC-42A3-9474-1A3956D46DE8}") = "EventBus简单示例(暂时移除)", "EventBus简单示例(暂时移除)", "{5E9585EE-934F-41B4-9ECA-FB0C55A155EF}"
EndProject
Project("{2150E333-8FDC-42A3-9474-1A3956D46DE8}") = "FileTransfer", "FileTransfer", "{24212B0A-8DAA-4AC3-BB5D-F3AC485EABA4}"
EndProject
Project("{2150E333-8FDC-42A3-9474-1A3956D46DE8}") = "基于AspNetCore的Dmtp", "基于AspNetCore的Dmtp", "{5C17B127-95DD-480C-BDCC-7FDF5E645B0C}"
EndProject
Project("{2150E333-8FDC-42A3-9474-1A3956D46DE8}") = "控制台", "控制台", "{DB89FCB6-E4F9-4BD4-93F3-4E857741D749}"
EndProject
Project("{2150E333-8FDC-42A3-9474-1A3956D46DE8}") = "WebSocket", "WebSocket", "{84D1227F-3419-4BCD-9331-8B61B2C19784}"
EndProject
Project("{2150E333-8FDC-42A3-9474-1A3956D46DE8}") = "BlogsDemos", "BlogsDemos", "{EB38E883-88AF-4E4C-9DCD-FAEBD8A20968}"
EndProject
Project("{9A19103F-16F7-4668-BE54-9A1E7A4F7556}") = "HeartbeatConsoleApp", "BlogsDemos\HeartbeatConsoleApp\HeartbeatConsoleApp.csproj", "{06B4A342-2E42-4F66-A0FE-CD6110DDF980}"
EndProject
Project("{9A19103F-16F7-4668-BE54-9A1E7A4F7556}") = "LimitNumberOfConnectionsConsoleApp", "BlogsDemos\LimitNumberOfConnectionsConsoleApp\LimitNumberOfConnectionsConsoleApp.csproj", "{8452EA31-F7BB-4897-8881-F3EE3F82049A}"
EndProject
Project("{9A19103F-16F7-4668-BE54-9A1E7A4F7556}") = "ThrottlingConsoleApp", "BlogsDemos\ThrottlingConsoleApp\ThrottlingConsoleApp.csproj", "{DD7848E5-3489-454E-BF37-49B6FE4C7F01}"
EndProject
Project("{9A19103F-16F7-4668-BE54-9A1E7A4F7556}") = "TrafficCounterConsoleApp", "BlogsDemos\TrafficCounterConsoleApp\TrafficCounterConsoleApp.csproj", "{82A783ED-11AD-407D-990B-A6AE9D557290}"
EndProject
Project("{2150E333-8FDC-42A3-9474-1A3956D46DE8}") = "UdpScreenCapture", "UdpScreenCapture", "{8B9374B5-42D7-48C9-84C7-A560167F0D47}"
EndProject
Project("{2150E333-8FDC-42A3-9474-1A3956D46DE8}") = "反向Rpc示例", "反向Rpc示例", "{5777979E-5737-46EF-9B0E-9C18FA7004B6}"
EndProject
Project("{2150E333-8FDC-42A3-9474-1A3956D46DE8}") = "远程文件系统访问简单示例", "远程文件系统访问简单示例", "{1DE974CF-D77E-4E9B-B3F9-7E5A3F9C4A67}"
EndProject
Project("{2150E333-8FDC-42A3-9474-1A3956D46DE8}") = "Unity3d", "Unity3d", "{59C3DFB0-C6E1-4F7E-AD9D-9857A4153A1E}"
EndProject
Project("{2150E333-8FDC-42A3-9474-1A3956D46DE8}") = "AspNetCore", "AspNetCore", "{97C928E3-54D6-4FAE-A314-775BE9E25A14}"
EndProject
Project("{2150E333-8FDC-42A3-9474-1A3956D46DE8}") = "Tcp命令行执行插件", "Tcp命令行执行插件", "{5B8D8451-E920-42E5-9F6A-D6D1238A24B4}"
EndProject
Project("{9A19103F-16F7-4668-BE54-9A1E7A4F7556}") = "AccessRestrictionsConsoleApp", "BlogsDemos\AccessRestrictionsConsoleApp\AccessRestrictionsConsoleApp.csproj", "{0897A17C-8822-4E42-83BE-A59F21A4E5E2}"
EndProject
Project("{9A19103F-16F7-4668-BE54-9A1E7A4F7556}") = "DifferentProtocolConsoleApp", "BlogsDemos\DifferentProtocolConsoleApp\DifferentProtocolConsoleApp.csproj", "{5BEF24DB-61B5-4615-A578-3BEB1F4FD1D8}"
EndProject
Project("{2150E333-8FDC-42A3-9474-1A3956D46DE8}") = "源代码生成代理", "源代码生成代理", "{32AE404F-B9EB-4793-A947-CACD58B2B5E2}"
EndProject
Project("{2150E333-8FDC-42A3-9474-1A3956D46DE8}") = "Udp组播、广播", "Udp组播、广播", "{ECB9C1D8-AB1D-4105-AF2F-BC9D14158BF3}"
EndProject
Project("{2150E333-8FDC-42A3-9474-1A3956D46DE8}") = "Rpc流式数据传输", "Rpc流式数据传输", "{F4BC22A9-7007-46B1-B168-DFB2A2E0EA24}"
EndProject
Project("{2150E333-8FDC-42A3-9474-1A3956D46DE8}") = "序列化选择器", "序列化选择器", "{405C6B1D-CCFE-407A-9A96-3548C55B0D1F}"
EndProject
Project("{2150E333-8FDC-42A3-9474-1A3956D46DE8}") = "DmtpRpc工厂示例", "DmtpRpc工厂示例", "{D4C8400D-94FB-4C82-A7A2-26BD970A42D8}"
EndProject
Project("{2150E333-8FDC-42A3-9474-1A3956D46DE8}") = "源生成代理推荐写法", "源生成代理推荐写法", "{8CFACB33-960A-4BA7-972F-059B81E1A4B2}"
EndProject
Project("{2150E333-8FDC-42A3-9474-1A3956D46DE8}") = "远程流映射", "远程流映射", "{B7D7FF93-7003-44AA-A88F-EB192B38C00A}"
EndProject
Project("{2150E333-8FDC-42A3-9474-1A3956D46DE8}") = "Dmtp", "Dmtp", "{BF701694-E1CE-4FD1-97BA-DA832F6F3D45}"
EndProject
Project("{9A19103F-16F7-4668-BE54-9A1E7A4F7556}") = "FileTransferConsoleApp", "Dmtp\FileTransferConsoleApp\FileTransferConsoleApp.csproj", "{0D5E94AD-2311-4430-92FA-02BF01267BF3}"
EndProject
Project("{9A19103F-16F7-4668-BE54-9A1E7A4F7556}") = "RpcStreamConsoleApp", "Dmtp\RpcStreamConsoleApp\RpcStreamConsoleApp.csproj", "{995A7CF5-FE4A-4CC1-ACF3-FABD03A94F69}"
EndProject
Project("{9A19103F-16F7-4668-BE54-9A1E7A4F7556}") = "RecommendRpcConsoleApp", "Dmtp\RecommendRpcConsoleApp\RecommendRpcConsoleApp.csproj", "{D9CC341C-4A32-4D91-BD8F-D23663F89347}"
EndProject
Project("{9A19103F-16F7-4668-BE54-9A1E7A4F7556}") = "RpcClassLibrary", "Dmtp\RpcClassLibrary\RpcClassLibrary.csproj", "{D24F093F-20B5-43F3-A84F-B6E92C9A7000}"
EndProject
Project("{9A19103F-16F7-4668-BE54-9A1E7A4F7556}") = "RpcImplementationClassLibrary", "Dmtp\RpcImplementationClassLibrary\RpcImplementationClassLibrary.csproj", "{ADBD41EE-24F8-45BE-BCD1-DFFCE200D3F2}"
EndProject
Project("{9A19103F-16F7-4668-BE54-9A1E7A4F7556}") = "RpcFactoryConsoleApp", "Dmtp\RpcFactoryConsoleApp\RpcFactoryConsoleApp.csproj", "{02A6E867-4133-413C-9909-A8F1890D9A66}"
EndProject
Project("{9A19103F-16F7-4668-BE54-9A1E7A4F7556}") = "ReverseRpcConsoleApp", "Dmtp\ReverseRpcConsoleApp\ReverseRpcConsoleApp.csproj", "{DCA6E3FE-3342-4F49-B3BA-5F658DCC76D2}"
EndProject
Project("{9A19103F-16F7-4668-BE54-9A1E7A4F7556}") = "SerializationSelectorClassLibrary", "Dmtp\SerializationSelectorClassLibrary\SerializationSelectorClassLibrary.csproj", "{6A6D3355-18D7-4E66-96C2-85864540BF5C}"
EndProject
Project("{9A19103F-16F7-4668-BE54-9A1E7A4F7556}") = "SerializationSelectorConsoleApp", "Dmtp\SerializationSelectorConsoleApp\SerializationSelectorConsoleApp.csproj", "{5D0EC23C-2C3D-4E93-90CA-05DE3CDE9687}"
EndProject
Project("{9A19103F-16F7-4668-BE54-9A1E7A4F7556}") = "GeneratorRpcProxyConsoleApp", "Dmtp\GeneratorRpcProxyConsoleApp\GeneratorRpcProxyConsoleApp.csproj", "{1C273ECE-5749-486C-BF89-BA27F83DA864}"
EndProject
Project("{9A19103F-16F7-4668-BE54-9A1E7A4F7556}") = "RemoteAccessApp", "Dmtp\RemoteAccessApp\RemoteAccessApp.csproj", "{2A13D301-4DFB-4B0E-8388-B68E33518FF2}"
EndProject
Project("{2150E333-8FDC-42A3-9474-1A3956D46DE8}") = "DmtpRpc", "DmtpRpc", "{63EE2247-0A5B-47F9-B8AA-AED5BC8FC873}"
EndProject
Project("{9A19103F-16F7-4668-BE54-9A1E7A4F7556}") = "DmtpRpcClientApp", "Dmtp\DmtpRpcClientApp\DmtpRpcClientApp.csproj", "{C6AC63B3-23AA-4AC3-9B11-C43B44F6C89A}"
EndProject
Project("{9A19103F-16F7-4668-BE54-9A1E7A4F7556}") = "DmtpWebApplication", "Dmtp\DmtpWebApplication\DmtpWebApplication.csproj", "{A10A3EE0-079A-4FB4-82AF-B7D680EE2690}"
EndProject
Project("{9A19103F-16F7-4668-BE54-9A1E7A4F7556}") = "RemoteStreamConsoleApp", "Dmtp\RemoteStreamConsoleApp\RemoteStreamConsoleApp.csproj", "{4019C53F-2185-4ACF-A816-C659607B05E5}"
EndProject
Project("{2150E333-8FDC-42A3-9474-1A3956D46DE8}") = "Dmtp", "Dmtp", "{57B547B6-D725-4C3E-82A7-39ED03BD438B}"
EndProject
Project("{9A19103F-16F7-4668-BE54-9A1E7A4F7556}") = "DmtpConsoleApp", "Dmtp\DmtpConsoleApp\DmtpConsoleApp.csproj", "{44AE2CE8-5EE2-42F6-A1CA-E562EC697445}"
EndProject
Project("{2150E333-8FDC-42A3-9474-1A3956D46DE8}") = "控制台", "控制台", "{56D66384-8CA7-4EFC-9F41-F9EE7E445578}"
EndProject
Project("{9A19103F-16F7-4668-BE54-9A1E7A4F7556}") = "DmtpRpcServerConsoleApp", "Dmtp\DmtpRpcServerConsoleApp\DmtpRpcServerConsoleApp.csproj", "{31461239-7C3E-4C19-A558-BE59F9384572}"
EndProject
Project("{9A19103F-16F7-4668-BE54-9A1E7A4F7556}") = "DmtpRpcClientConsoleApp", "Dmtp\DmtpRpcClientConsoleApp\DmtpRpcClientConsoleApp.csproj", "{473ED8CE-CD62-431B-BCB9-AD23B370EB06}"
EndProject
Project("{2150E333-8FDC-42A3-9474-1A3956D46DE8}") = "路由包示例", "路由包示例", "{F0624F02-43C5-4BAF-B6E8-54EDB5B9EED7}"
EndProject
Project("{9A19103F-16F7-4668-BE54-9A1E7A4F7556}") = "RouterPackageConsoleApp", "Dmtp\RouterPackageConsoleApp\RouterPackageConsoleApp.csproj", "{26D104F9-F08A-47FC-B11B-74B0650FD11F}"
EndProject
Project("{2150E333-8FDC-42A3-9474-1A3956D46DE8}") = "Redis", "Redis", "{EB91C76E-79F5-4D1E-9EFF-A64E9621E92F}"
EndProject
Project("{9A19103F-16F7-4668-BE54-9A1E7A4F7556}") = "DmtpRedisConsoleApp", "Dmtp\DmtpRedisConsoleApp\DmtpRedisConsoleApp.csproj", "{2A3D3A7F-16F3-4B7E-8B16-B72B005FA18B}"
EndProject
Project("{2150E333-8FDC-42A3-9474-1A3956D46DE8}") = "Core", "Core", "{A228384F-7DF9-4144-B84E-AC8BF2F69D1B}"
EndProject
Project("{9A19103F-16F7-4668-BE54-9A1E7A4F7556}") = "AppMessengerWinApp", "Core\AppMessengerWinApp\AppMessengerWinApp.csproj", "{A5D4690D-FB86-4F4F-BD06-6A13C120A88E}"
EndProject
Project("{9A19103F-16F7-4668-BE54-9A1E7A4F7556}") = "BytePoolConsoleApp", "Core\BytePoolConsoleApp\BytePoolConsoleApp.csproj", "{504192A7-30D8-464A-9D3C-C52D4BC2B7B7}"
EndProject
Project("{9A19103F-16F7-4668-BE54-9A1E7A4F7556}") = "Log4netConsoleApp", "Core\Log4netConsoleApp\Log4netConsoleApp.csproj", "{13A907A4-DB13-4920-96A0-02456E919F7E}"
EndProject
Project("{9A19103F-16F7-4668-BE54-9A1E7A4F7556}") = "PackageConsoleApp", "Core\PackageConsoleApp\PackageConsoleApp.csproj", "{C65C2917-EB0F-4A4D-9EC0-24B56ED26FA5}"
EndProject
Project("{9A19103F-16F7-4668-BE54-9A1E7A4F7556}") = "PluginConsoleApp", "Core\PluginConsoleApp\PluginConsoleApp.csproj", "{3D417EB6-3985-46CB-9FA8-DE25C1975903}"
EndProject
Project("{9A19103F-16F7-4668-BE54-9A1E7A4F7556}") = "XmlRpcServerApp", "XmlRpc\XmlRpcServerApp\XmlRpcServerApp.csproj", "{58D413E0-69AD-4B86-9E04-A3A3FA54CAA3}"
EndProject
Project("{9A19103F-16F7-4668-BE54-9A1E7A4F7556}") = "XmlRpcClientApp", "XmlRpc\XmlRpcClientApp\XmlRpcClientApp.csproj", "{DB7EE314-004B-4CB0-8397-1518877B5135}"
EndProject
Project("{9A19103F-16F7-4668-BE54-9A1E7A4F7556}") = "WebApiServerApp", "WebApi\WebApiServer\WebApiServerApp.csproj", "{6DEEE963-7E10-4199-8A0F-C63DCAFB5DA8}"
EndProject
Project("{9A19103F-16F7-4668-BE54-9A1E7A4F7556}") = "WebApiClientApp", "WebApi\WebApiClientApp\WebApiClientApp.csproj", "{95BC2A20-11DA-4AB8-8451-5E93B4E2E316}"
EndProject
Project("{9A19103F-16F7-4668-BE54-9A1E7A4F7556}") = "JsonRpcServiceConsoleApp", "JsonRpc\JsonRpcConsoleApp\JsonRpcServiceConsoleApp.csproj", "{DFFEDF1B-03FA-4069-827B-257D66EEE8AD}"
EndProject
Project("{9A19103F-16F7-4668-BE54-9A1E7A4F7556}") = "JsonRpcClientConsoleApp", "JsonRpc\JsonRpcClientConsoleApp\JsonRpcClientConsoleApp.csproj", "{737E8B56-79AE-4452-80BF-586982893477}"
EndProject
Project("{9A19103F-16F7-4668-BE54-9A1E7A4F7556}") = "WebSocketConsoleApp", "WebSocket\WebSocketConsoleApp\WebSocketConsoleApp.csproj", "{B23888C0-5DB8-4872-ACB5-CDF273EF45CE}"
EndProject
Project("{9A19103F-16F7-4668-BE54-9A1E7A4F7556}") = "TcpConsoleApp", "Tcp\TcpConsoleApp\TcpConsoleApp.csproj", "{CC8FCD95-0DDF-4AEA-9F8C-3D3950317B27}"
EndProject
Project("{9A19103F-16F7-4668-BE54-9A1E7A4F7556}") = "TcpServiceForWebApi", "Tcp\TcpServiceForWebApi\TcpServiceForWebApi.csproj", "{92F5AD36-4100-47B6-8660-8938EF7705F3}"
EndProject
Project("{9A19103F-16F7-4668-BE54-9A1E7A4F7556}") = "TcpCommandLineConsoleApp", "Tcp\TcpCommandLineConsoleApp\TcpCommandLineConsoleApp.csproj", "{01EB9E70-4A13-41E3-8609-8DFD9C2BC0A4}"
EndProject
Project("{2150E333-8FDC-42A3-9474-1A3956D46DE8}") = "同步请求", "同步请求", "{50312210-D0AC-4E25-B819-BE2F1CC70581}"
EndProject
Project("{9A19103F-16F7-4668-BE54-9A1E7A4F7556}") = "TcpWaitingClientWinFormsApp", "Tcp\TcpWaitingClientWinFormsApp\TcpWaitingClientWinFormsApp.csproj", "{DF384D76-50A5-4D7B-A1D2-15CA00B844D4}"
EndProject
Project("{9A19103F-16F7-4668-BE54-9A1E7A4F7556}") = "HttpServiceConsoleApp", "Http\HttpServiceConsoleApp\HttpServiceConsoleApp.csproj", "{FADFD5E7-A5AD-49D9-A03F-70DB8E98AD38}"
EndProject
Project("{9A19103F-16F7-4668-BE54-9A1E7A4F7556}") = "HttpClientConsoleApp", "Http\HttpClientConsoleApp\HttpClientConsoleApp.csproj", "{9F96589A-C7F8-4E33-BD6E-3BDA40205D07}"
EndProject
Project("{2150E333-8FDC-42A3-9474-1A3956D46DE8}") = "NamedPipe", "NamedPipe", "{5126C261-9A81-4FBC-8653-7710C1D1D735}"
EndProject
Project("{9A19103F-16F7-4668-BE54-9A1E7A4F7556}") = "NamedPipeServiceConsoleApp", "NamedPipe\NamedPipeServiceConsoleApp\NamedPipeServiceConsoleApp.csproj", "{E7FE662C-24E4-4915-9847-26AB4038540D}"
EndProject
Project("{9A19103F-16F7-4668-BE54-9A1E7A4F7556}") = "NamedPipeClientConsoleApp", "NamedPipe\NamedPipeClientConsoleApp\NamedPipeClientConsoleApp.csproj", "{89C3B730-4024-4C76-8CB0-FAA8BF0945B9}"
EndProject
Project("{2150E333-8FDC-42A3-9474-1A3956D46DE8}") = "压力测试", "压力测试", "{3CD1A21A-1864-46A7-8975-AC442014BA2A}"
EndProject
Project("{9A19103F-16F7-4668-BE54-9A1E7A4F7556}") = "NamedPipeStressTestingConsoleApp", "NamedPipe\NamedPipeStressTestingConsoleApp\NamedPipeStressTestingConsoleApp.csproj", "{3D1B69AB-810E-4DC7-96CF-F958EECAC6C4}"
EndProject
Project("{9A19103F-16F7-4668-BE54-9A1E7A4F7556}") = "UnityServerConsoleApp", "Unity3d\UnityServerConsoleApp\UnityServerConsoleApp.csproj", "{E109E848-54D2-4BCE-808E-F5F3844A1B1D}"
EndProject
Project("{2150E333-8FDC-42A3-9474-1A3956D46DE8}") = "Rpc", "Rpc", "{D01CF5F0-67D0-44E3-B7CE-0BAD4F475C0E}"
EndProject
Project("{9A19103F-16F7-4668-BE54-9A1E7A4F7556}") = "GenerateProxyFromServerConsoleApp", "Rpc\GenerateProxyFromServerConsoleApp\GenerateProxyFromServerConsoleApp.csproj", "{09ABC5EB-0896-4693-A057-A03B35E0294C}"
EndProject
Project("{9A19103F-16F7-4668-BE54-9A1E7A4F7556}") = "AdapterConsoleApp", "Adapter\AdapterConsoleApp\AdapterConsoleApp.csproj", "{5F141D56-D6ED-45C7-A355-63EC641246DB}"
EndProject
Project("{9A19103F-16F7-4668-BE54-9A1E7A4F7556}") = "AdapterTesterConsoleApp", "Adapter\AdapterTesterConsoleApp\AdapterTesterConsoleApp.csproj", "{E1C1B35D-6336-413B-B7DE-25BC24AE401A}"
EndProject
Project("{9A19103F-16F7-4668-BE54-9A1E7A4F7556}") = "TLVWinFormsApp", "Adapter\TLVWinFormsApp\TLVWinFormsApp.csproj", "{E05EFE74-1D74-44BF-8DE6-AA4B0DC4BC97}"
EndProject
Project("{2150E333-8FDC-42A3-9474-1A3956D46DE8}") = "DmtpChannel", "DmtpChannel", "{01B7AC92-32D4-4864-B5CF-02752C391C9B}"
EndProject
Project("{9A19103F-16F7-4668-BE54-9A1E7A4F7556}") = "DmtpChannelConsoleApp", "Dmtp\DmtpChannelConsoleApp\DmtpChannelConsoleApp.csproj", "{3D418431-3CD2-439A-AE5F-2BBC7FF977C6}"
EndProject
Project("{9A19103F-16F7-4668-BE54-9A1E7A4F7556}") = "ScreenUdpSender", "Udp\UdpScreenCapture\ScreenUdpSender\ScreenUdpSender.csproj", "{2535B065-655A-4799-BF19-B57A8FABA0AD}"
EndProject
Project("{9A19103F-16F7-4668-BE54-9A1E7A4F7556}") = "ScreenUdpReceiver", "Udp\UdpScreenCapture\ScreenUdpReceiver\ScreenUdpReceiver.csproj", "{93457FDB-5F10-44C6-B8D9-A13909EE2870}"
EndProject
Project("{9A19103F-16F7-4668-BE54-9A1E7A4F7556}") = "UdpBroadcastConsoleApp", "Udp\UdpBroadcastConsoleApp\UdpBroadcastConsoleApp.csproj", "{68C10FDD-7E5D-4EB1-8FDA-D35C32ACE8C1}"
EndProject
Project("{9A19103F-16F7-4668-BE54-9A1E7A4F7556}") = "UdpDemoApp", "Udp\UdpDemoApp\UdpDemoApp.csproj", "{0CB31446-301C-49F6-B333-91992FDF36A2}"
EndProject
Project("{9A19103F-16F7-4668-BE54-9A1E7A4F7556}") = "PackageAdapterConsoleApp", "Adapter\PackageAdapterConsoleApp\PackageAdapterConsoleApp.csproj", "{4F16A8DB-2D02-44DF-9D9D-C65FDBB0DF22}"
EndProject
Project("{9A19103F-16F7-4668-BE54-9A1E7A4F7556}") = "CustomAdapterConsoleApp", "Adapter\CustomAdapterConsoleApp\CustomAdapterConsoleApp.csproj", "{8758DEC7-5A7F-413D-BD26-9922B78B409B}"
EndProject
Project("{9A19103F-16F7-4668-BE54-9A1E7A4F7556}") = "CustomFixedHeaderConsoleApp", "Adapter\CustomFixedHeaderConsoleApp\CustomFixedHeaderConsoleApp.csproj", "{35DB87D2-2238-4530-A265-56C89980057A}"
EndProject
Project("{9A19103F-16F7-4668-BE54-9A1E7A4F7556}") = "IocConsoleApp", "Core\IocConsoleApp\IocConsoleApp.csproj", "{2649AA5F-4C16-4B80-8D74-EAD6F9211038}"
EndProject
Project("{2150E333-8FDC-42A3-9474-1A3956D46DE8}") = "自定义DmtpActor", "自定义DmtpActor", "{56CB516C-E67D-42E0-9249-CB7C4C4CE244}"
EndProject
Project("{9A19103F-16F7-4668-BE54-9A1E7A4F7556}") = "CustomDmtpActorConsoleApp", "Dmtp\CustomDmtpActorConsoleApp\CustomDmtpActorConsoleApp.csproj", "{171ED076-12AE-4770-A858-F6258343B3CC}"
EndProject
Project("{2150E333-8FDC-42A3-9474-1A3956D46DE8}") = "反向Rpc", "反向Rpc", "{9F264382-A7D8-49A9-B351-E28107C1EEEF}"
EndProject
Project("{9A19103F-16F7-4668-BE54-9A1E7A4F7556}") = "ReverseJsonRpcConsoleApp", "JsonRpc\ReverseJsonRpcConsoleApp\ReverseJsonRpcConsoleApp.csproj", "{9C9C5679-B802-48E8-8159-1B205C1793DB}"
EndProject
Project("{9A19103F-16F7-4668-BE54-9A1E7A4F7556}") = "AsyncWebSocketConsoleApp", "WebSocket\AsyncWebSocketConsoleApp\AsyncWebSocketConsoleApp.csproj", "{AA2FB4A6-5F8E-4D56-BC26-F99CB2B5D0AD}"
EndProject
Project("{2150E333-8FDC-42A3-9474-1A3956D46DE8}") = "DispatchProxy", "DispatchProxy", "{685CB97B-83A6-4941-B29F-646A1A17F540}"
EndProject
Project("{9A19103F-16F7-4668-BE54-9A1E7A4F7556}") = "DispatchProxyDmtpRpcConsoleApp", "Dmtp\DispatchProxyDmtpRpcConsoleApp\DispatchProxyDmtpRpcConsoleApp.csproj", "{F2BD1D83-499E-4EA7-95D0-BC7CC235DD7F}"
EndProject
Project("{9A19103F-16F7-4668-BE54-9A1E7A4F7556}") = "DispatchProxyWebApiConsoleApp", "WebApi\DispatchProxyWebApiConsoleApp\DispatchProxyWebApiConsoleApp.csproj", "{3AEFF66C-2896-4D53-8066-4D2AFE6AE780}"
EndProject
Project("{9A19103F-16F7-4668-BE54-9A1E7A4F7556}") = "DispatchProxyJsonRpcClientConsoleApp", "JsonRpc\DispatchProxyJsonRpcClientConsoleApp\DispatchProxyJsonRpcClientConsoleApp.csproj", "{0C74F825-F173-4ABC-AC1C-A0094FBBF4A6}"
EndProject
Project("{9A19103F-16F7-4668-BE54-9A1E7A4F7556}") = "DispatchProxyXmlRpcClientConsoleApp", "XmlRpc\DispatchProxyXmlRpcClientConsoleApp\DispatchProxyXmlRpcClientConsoleApp.csproj", "{8AFB1C99-7E16-4912-B662-91C5328C6BAE}"
EndProject
Project("{2150E333-8FDC-42A3-9474-1A3956D46DE8}") = "RealityProxy", "RealityProxy", "{995183D4-74FD-4EDD-8FDF-8B6BC0410A06}"
EndProject
Project("{9A19103F-16F7-4668-BE54-9A1E7A4F7556}") = "RealityProxyDmtpRpcConsoleApp", "Dmtp\RealityProxyDmtpRpcConsoleApp\RealityProxyDmtpRpcConsoleApp.csproj", "{C94B9E69-3B48-4AAB-B3C3-80AA190640C2}"
EndProject
Project("{2150E333-8FDC-42A3-9474-1A3956D46DE8}") = "Hosting", "Hosting", "{0E116F60-01DE-4648-B4EE-5B944EED42AA}"
EndProject
Project("{9A19103F-16F7-4668-BE54-9A1E7A4F7556}") = "HostingWorkerService", "Hosting\HostingWorkerService\HostingWorkerService.csproj", "{866798F5-FD69-49D2-B4FA-279DC7188A54}"
EndProject
Project("{2150E333-8FDC-42A3-9474-1A3956D46DE8}") = "Serial", "Serial", "{8911AC2E-B951-436C-A76D-7E994017069B}"
EndProject
Project("{9A19103F-16F7-4668-BE54-9A1E7A4F7556}") = "SerialPortClientConsoleApp", "Serial\SerialPortClientConsoleApp\SerialPortClientConsoleApp.csproj", "{EBB7E090-7309-49D6-A0C9-CD704E7FEA31}"
EndProject
Project("{2150E333-8FDC-42A3-9474-1A3956D46DE8}") = "Modbus", "Modbus", "{0F95EA5A-0E08-4516-89D4-C3BFC88789F9}"
EndProject
Project("{9A19103F-16F7-4668-BE54-9A1E7A4F7556}") = "ModbusSlaveConsoleApp", "Modbus\ModbusSlaveConsoleApp\ModbusSlaveConsoleApp.csproj", "{3043062B-A48A-419F-8F78-9ED234383103}"
EndProject
Project("{9A19103F-16F7-4668-BE54-9A1E7A4F7556}") = "ModbusMasterConsoleApp", "Modbus\ModbusMasterConsoleApp\ModbusMasterConsoleApp.csproj", "{B8326741-67E8-42CB-910A-E236F2C94A8F}"
EndProject
Project("{9A19103F-16F7-4668-BE54-9A1E7A4F7556}") = "ModbusObjectConsoleApp", "Modbus\ModbusObjectConsoleApp\ModbusObjectConsoleApp.csproj", "{74C98BF5-D663-4CCA-B970-D9A1258B6BB9}"
EndProject
Project("{9A19103F-16F7-4668-BE54-9A1E7A4F7556}") = "HttpServiceForCorsConsoleApp", "Http\HttpServiceForCorsConsoleApp\HttpServiceForCorsConsoleApp.csproj", "{12A8A263-EF41-4B20-97A8-3D050FF1B326}"
EndProject
Project("{9A19103F-16F7-4668-BE54-9A1E7A4F7556}") = "RpcRateLimitingConsoleApp", "Rpc\RpcRateLimitingConsoleApp\RpcRateLimitingConsoleApp.csproj", "{BAEBA822-4EBF-4211-A92F-797D529C2DE3}"
EndProject
Project("{2150E333-8FDC-42A3-9474-1A3956D46DE8}") = "PluginPassingParameters", "PluginPassingParameters", "{B9AD57A2-89FB-459B-8D58-41C770CCA89B}"
EndProject
Project("{9A19103F-16F7-4668-BE54-9A1E7A4F7556}") = "ReuseAddressServerConsoleApp", "Tcp\ReuseAddressServerConsoleApp\ReuseAddressServerConsoleApp.csproj", "{1E65E919-C7D8-4678-8BFD-1434CC8293BF}"
EndProject
Project("{9A19103F-16F7-4668-BE54-9A1E7A4F7556}") = "DmtpAspnetcoreConsoleApp", "Dmtp\DmtpAspnetcoreConsoleApp\DmtpAspnetcoreConsoleApp.csproj", "{7208999A-BC28-4476-BBFD-572C8D43E35E}"
EndProject
Project("{2150E333-8FDC-42A3-9474-1A3956D46DE8}") = "基于NamedPipe的Dmtp", "基于NamedPipe的Dmtp", "{1B6092F9-4776-4502-818F-B35D153D19D6}"
EndProject
Project("{9A19103F-16F7-4668-BE54-9A1E7A4F7556}") = "NamedPipeDmtpConsoleApp", "Dmtp\NamedPipeDmtpConsoleApp\NamedPipeDmtpConsoleApp.csproj", "{5AB49F06-014A-4CAF-9A92-F5B3783E51C6}"
EndProject
Project("{2150E333-8FDC-42A3-9474-1A3956D46DE8}") = ".Solutions", ".Solutions", "{043D35EB-9819-4E9A-BDC7-2974A122195D}"
	ProjectSection(SolutionItems) = preProject
		Directory.Build.props = Directory.Build.props
	EndProjectSection
EndProject
Project("{9A19103F-16F7-4668-BE54-9A1E7A4F7556}") = "TcpServiceReadAsyncConsoleApp", "Tcp\TcpServiceReadAsyncConsoleApp\TcpServiceReadAsyncConsoleApp.csproj", "{03EE9539-60C6-4BB5-97D7-3F9B1A077234}"
EndProject
Project("{9A19103F-16F7-4668-BE54-9A1E7A4F7556}") = "BetweenAndConsoleApp", "Adapter\BetweenAndConsoleApp\BetweenAndConsoleApp.csproj", "{EDD521B4-DB92-4833-ADD0-AF31206DE695}"
EndProject
Project("{9A19103F-16F7-4668-BE54-9A1E7A4F7556}") = "CustomBigFixedHeaderConsoleApp", "Adapter\CustomBigFixedHeaderConsoleApp\CustomBigFixedHeaderConsoleApp.csproj", "{13D915B0-28AE-49B8-BB09-0452930343F9}"
EndProject
Project("{9A19103F-16F7-4668-BE54-9A1E7A4F7556}") = "CustomBigUnfixedHeaderConsoleApp", "Adapter\CustomBigUnfixedHeaderConsoleApp\CustomBigUnfixedHeaderConsoleApp.csproj", "{D0086181-DE0B-4E2D-BEB4-D3147FBCFDEB}"
EndProject
Project("{2150E333-8FDC-42A3-9474-1A3956D46DE8}") = "NatService简单示例", "NatService简单示例", "{6A3BF583-187B-4092-8480-78C313AA0A17}"
EndProject
Project("{9A19103F-16F7-4668-BE54-9A1E7A4F7556}") = "NatServiceConsoleApp", "NatService\NatServiceConsoleApp\NatServiceConsoleApp.csproj", "{CD3BBC88-2682-4B1D-8A1C-4BD9C7FE1D02}"
EndProject
Global
	GlobalSection(SolutionConfigurationPlatforms) = preSolution
		Debug|Any CPU = Debug|Any CPU
		Release|Any CPU = Release|Any CPU
	EndGlobalSection
	GlobalSection(ProjectConfigurationPlatforms) = postSolution
		{558B024C-981D-4288-99D2-5B6C0C30C427}.Debug|Any CPU.ActiveCfg = Debug|Any CPU
		{558B024C-981D-4288-99D2-5B6C0C30C427}.Debug|Any CPU.Build.0 = Debug|Any CPU
		{558B024C-981D-4288-99D2-5B6C0C30C427}.Release|Any CPU.ActiveCfg = Release|Any CPU
		{558B024C-981D-4288-99D2-5B6C0C30C427}.Release|Any CPU.Build.0 = Release|Any CPU
		{FF655439-DFFE-4BE4-AB76-BC84EE188C7F}.Debug|Any CPU.ActiveCfg = Debug|Any CPU
		{FF655439-DFFE-4BE4-AB76-BC84EE188C7F}.Debug|Any CPU.Build.0 = Debug|Any CPU
		{FF655439-DFFE-4BE4-AB76-BC84EE188C7F}.Release|Any CPU.ActiveCfg = Release|Any CPU
		{FF655439-DFFE-4BE4-AB76-BC84EE188C7F}.Release|Any CPU.Build.0 = Release|Any CPU
		{A9C4DF80-0A9F-4979-AB4B-201A5B573A61}.Debug|Any CPU.ActiveCfg = Debug|Any CPU
		{A9C4DF80-0A9F-4979-AB4B-201A5B573A61}.Debug|Any CPU.Build.0 = Debug|Any CPU
		{A9C4DF80-0A9F-4979-AB4B-201A5B573A61}.Release|Any CPU.ActiveCfg = Release|Any CPU
		{A9C4DF80-0A9F-4979-AB4B-201A5B573A61}.Release|Any CPU.Build.0 = Release|Any CPU
		{06B4A342-2E42-4F66-A0FE-CD6110DDF980}.Debug|Any CPU.ActiveCfg = Debug|Any CPU
		{06B4A342-2E42-4F66-A0FE-CD6110DDF980}.Debug|Any CPU.Build.0 = Debug|Any CPU
		{06B4A342-2E42-4F66-A0FE-CD6110DDF980}.Release|Any CPU.ActiveCfg = Release|Any CPU
		{06B4A342-2E42-4F66-A0FE-CD6110DDF980}.Release|Any CPU.Build.0 = Release|Any CPU
		{8452EA31-F7BB-4897-8881-F3EE3F82049A}.Debug|Any CPU.ActiveCfg = Debug|Any CPU
		{8452EA31-F7BB-4897-8881-F3EE3F82049A}.Debug|Any CPU.Build.0 = Debug|Any CPU
		{8452EA31-F7BB-4897-8881-F3EE3F82049A}.Release|Any CPU.ActiveCfg = Release|Any CPU
		{8452EA31-F7BB-4897-8881-F3EE3F82049A}.Release|Any CPU.Build.0 = Release|Any CPU
		{DD7848E5-3489-454E-BF37-49B6FE4C7F01}.Debug|Any CPU.ActiveCfg = Debug|Any CPU
		{DD7848E5-3489-454E-BF37-49B6FE4C7F01}.Debug|Any CPU.Build.0 = Debug|Any CPU
		{DD7848E5-3489-454E-BF37-49B6FE4C7F01}.Release|Any CPU.ActiveCfg = Release|Any CPU
		{DD7848E5-3489-454E-BF37-49B6FE4C7F01}.Release|Any CPU.Build.0 = Release|Any CPU
		{82A783ED-11AD-407D-990B-A6AE9D557290}.Debug|Any CPU.ActiveCfg = Debug|Any CPU
		{82A783ED-11AD-407D-990B-A6AE9D557290}.Debug|Any CPU.Build.0 = Debug|Any CPU
		{82A783ED-11AD-407D-990B-A6AE9D557290}.Release|Any CPU.ActiveCfg = Release|Any CPU
		{82A783ED-11AD-407D-990B-A6AE9D557290}.Release|Any CPU.Build.0 = Release|Any CPU
		{0897A17C-8822-4E42-83BE-A59F21A4E5E2}.Debug|Any CPU.ActiveCfg = Debug|Any CPU
		{0897A17C-8822-4E42-83BE-A59F21A4E5E2}.Debug|Any CPU.Build.0 = Debug|Any CPU
		{0897A17C-8822-4E42-83BE-A59F21A4E5E2}.Release|Any CPU.ActiveCfg = Release|Any CPU
		{0897A17C-8822-4E42-83BE-A59F21A4E5E2}.Release|Any CPU.Build.0 = Release|Any CPU
		{5BEF24DB-61B5-4615-A578-3BEB1F4FD1D8}.Debug|Any CPU.ActiveCfg = Debug|Any CPU
		{5BEF24DB-61B5-4615-A578-3BEB1F4FD1D8}.Debug|Any CPU.Build.0 = Debug|Any CPU
		{5BEF24DB-61B5-4615-A578-3BEB1F4FD1D8}.Release|Any CPU.ActiveCfg = Release|Any CPU
		{5BEF24DB-61B5-4615-A578-3BEB1F4FD1D8}.Release|Any CPU.Build.0 = Release|Any CPU
		{0D5E94AD-2311-4430-92FA-02BF01267BF3}.Debug|Any CPU.ActiveCfg = Debug|Any CPU
		{0D5E94AD-2311-4430-92FA-02BF01267BF3}.Debug|Any CPU.Build.0 = Debug|Any CPU
		{0D5E94AD-2311-4430-92FA-02BF01267BF3}.Release|Any CPU.ActiveCfg = Release|Any CPU
		{0D5E94AD-2311-4430-92FA-02BF01267BF3}.Release|Any CPU.Build.0 = Release|Any CPU
		{995A7CF5-FE4A-4CC1-ACF3-FABD03A94F69}.Debug|Any CPU.ActiveCfg = Debug|Any CPU
		{995A7CF5-FE4A-4CC1-ACF3-FABD03A94F69}.Debug|Any CPU.Build.0 = Debug|Any CPU
		{995A7CF5-FE4A-4CC1-ACF3-FABD03A94F69}.Release|Any CPU.ActiveCfg = Release|Any CPU
		{995A7CF5-FE4A-4CC1-ACF3-FABD03A94F69}.Release|Any CPU.Build.0 = Release|Any CPU
		{D9CC341C-4A32-4D91-BD8F-D23663F89347}.Debug|Any CPU.ActiveCfg = Debug|Any CPU
		{D9CC341C-4A32-4D91-BD8F-D23663F89347}.Debug|Any CPU.Build.0 = Debug|Any CPU
		{D9CC341C-4A32-4D91-BD8F-D23663F89347}.Release|Any CPU.ActiveCfg = Release|Any CPU
		{D9CC341C-4A32-4D91-BD8F-D23663F89347}.Release|Any CPU.Build.0 = Release|Any CPU
		{D24F093F-20B5-43F3-A84F-B6E92C9A7000}.Debug|Any CPU.ActiveCfg = Debug|Any CPU
		{D24F093F-20B5-43F3-A84F-B6E92C9A7000}.Debug|Any CPU.Build.0 = Debug|Any CPU
		{D24F093F-20B5-43F3-A84F-B6E92C9A7000}.Release|Any CPU.ActiveCfg = Release|Any CPU
		{D24F093F-20B5-43F3-A84F-B6E92C9A7000}.Release|Any CPU.Build.0 = Release|Any CPU
		{ADBD41EE-24F8-45BE-BCD1-DFFCE200D3F2}.Debug|Any CPU.ActiveCfg = Debug|Any CPU
		{ADBD41EE-24F8-45BE-BCD1-DFFCE200D3F2}.Debug|Any CPU.Build.0 = Debug|Any CPU
		{ADBD41EE-24F8-45BE-BCD1-DFFCE200D3F2}.Release|Any CPU.ActiveCfg = Release|Any CPU
		{ADBD41EE-24F8-45BE-BCD1-DFFCE200D3F2}.Release|Any CPU.Build.0 = Release|Any CPU
		{02A6E867-4133-413C-9909-A8F1890D9A66}.Debug|Any CPU.ActiveCfg = Debug|Any CPU
		{02A6E867-4133-413C-9909-A8F1890D9A66}.Debug|Any CPU.Build.0 = Debug|Any CPU
		{02A6E867-4133-413C-9909-A8F1890D9A66}.Release|Any CPU.ActiveCfg = Release|Any CPU
		{02A6E867-4133-413C-9909-A8F1890D9A66}.Release|Any CPU.Build.0 = Release|Any CPU
		{DCA6E3FE-3342-4F49-B3BA-5F658DCC76D2}.Debug|Any CPU.ActiveCfg = Debug|Any CPU
		{DCA6E3FE-3342-4F49-B3BA-5F658DCC76D2}.Debug|Any CPU.Build.0 = Debug|Any CPU
		{DCA6E3FE-3342-4F49-B3BA-5F658DCC76D2}.Release|Any CPU.ActiveCfg = Release|Any CPU
		{DCA6E3FE-3342-4F49-B3BA-5F658DCC76D2}.Release|Any CPU.Build.0 = Release|Any CPU
		{6A6D3355-18D7-4E66-96C2-85864540BF5C}.Debug|Any CPU.ActiveCfg = Debug|Any CPU
		{6A6D3355-18D7-4E66-96C2-85864540BF5C}.Debug|Any CPU.Build.0 = Debug|Any CPU
		{6A6D3355-18D7-4E66-96C2-85864540BF5C}.Release|Any CPU.ActiveCfg = Release|Any CPU
		{6A6D3355-18D7-4E66-96C2-85864540BF5C}.Release|Any CPU.Build.0 = Release|Any CPU
		{5D0EC23C-2C3D-4E93-90CA-05DE3CDE9687}.Debug|Any CPU.ActiveCfg = Debug|Any CPU
		{5D0EC23C-2C3D-4E93-90CA-05DE3CDE9687}.Debug|Any CPU.Build.0 = Debug|Any CPU
		{5D0EC23C-2C3D-4E93-90CA-05DE3CDE9687}.Release|Any CPU.ActiveCfg = Release|Any CPU
		{5D0EC23C-2C3D-4E93-90CA-05DE3CDE9687}.Release|Any CPU.Build.0 = Release|Any CPU
		{1C273ECE-5749-486C-BF89-BA27F83DA864}.Debug|Any CPU.ActiveCfg = Debug|Any CPU
		{1C273ECE-5749-486C-BF89-BA27F83DA864}.Debug|Any CPU.Build.0 = Debug|Any CPU
		{1C273ECE-5749-486C-BF89-BA27F83DA864}.Release|Any CPU.ActiveCfg = Release|Any CPU
		{1C273ECE-5749-486C-BF89-BA27F83DA864}.Release|Any CPU.Build.0 = Release|Any CPU
		{2A13D301-4DFB-4B0E-8388-B68E33518FF2}.Debug|Any CPU.ActiveCfg = Debug|Any CPU
		{2A13D301-4DFB-4B0E-8388-B68E33518FF2}.Debug|Any CPU.Build.0 = Debug|Any CPU
		{2A13D301-4DFB-4B0E-8388-B68E33518FF2}.Release|Any CPU.ActiveCfg = Release|Any CPU
		{2A13D301-4DFB-4B0E-8388-B68E33518FF2}.Release|Any CPU.Build.0 = Release|Any CPU
		{C6AC63B3-23AA-4AC3-9B11-C43B44F6C89A}.Debug|Any CPU.ActiveCfg = Debug|Any CPU
		{C6AC63B3-23AA-4AC3-9B11-C43B44F6C89A}.Debug|Any CPU.Build.0 = Debug|Any CPU
		{C6AC63B3-23AA-4AC3-9B11-C43B44F6C89A}.Release|Any CPU.ActiveCfg = Release|Any CPU
		{C6AC63B3-23AA-4AC3-9B11-C43B44F6C89A}.Release|Any CPU.Build.0 = Release|Any CPU
		{A10A3EE0-079A-4FB4-82AF-B7D680EE2690}.Debug|Any CPU.ActiveCfg = Debug|Any CPU
		{A10A3EE0-079A-4FB4-82AF-B7D680EE2690}.Debug|Any CPU.Build.0 = Debug|Any CPU
		{A10A3EE0-079A-4FB4-82AF-B7D680EE2690}.Release|Any CPU.ActiveCfg = Release|Any CPU
		{A10A3EE0-079A-4FB4-82AF-B7D680EE2690}.Release|Any CPU.Build.0 = Release|Any CPU
		{4019C53F-2185-4ACF-A816-C659607B05E5}.Debug|Any CPU.ActiveCfg = Debug|Any CPU
		{4019C53F-2185-4ACF-A816-C659607B05E5}.Debug|Any CPU.Build.0 = Debug|Any CPU
		{4019C53F-2185-4ACF-A816-C659607B05E5}.Release|Any CPU.ActiveCfg = Release|Any CPU
		{4019C53F-2185-4ACF-A816-C659607B05E5}.Release|Any CPU.Build.0 = Release|Any CPU
		{44AE2CE8-5EE2-42F6-A1CA-E562EC697445}.Debug|Any CPU.ActiveCfg = Debug|Any CPU
		{44AE2CE8-5EE2-42F6-A1CA-E562EC697445}.Debug|Any CPU.Build.0 = Debug|Any CPU
		{44AE2CE8-5EE2-42F6-A1CA-E562EC697445}.Release|Any CPU.ActiveCfg = Release|Any CPU
		{44AE2CE8-5EE2-42F6-A1CA-E562EC697445}.Release|Any CPU.Build.0 = Release|Any CPU
		{31461239-7C3E-4C19-A558-BE59F9384572}.Debug|Any CPU.ActiveCfg = Debug|Any CPU
		{31461239-7C3E-4C19-A558-BE59F9384572}.Debug|Any CPU.Build.0 = Debug|Any CPU
		{31461239-7C3E-4C19-A558-BE59F9384572}.Release|Any CPU.ActiveCfg = Release|Any CPU
		{31461239-7C3E-4C19-A558-BE59F9384572}.Release|Any CPU.Build.0 = Release|Any CPU
		{473ED8CE-CD62-431B-BCB9-AD23B370EB06}.Debug|Any CPU.ActiveCfg = Debug|Any CPU
		{473ED8CE-CD62-431B-BCB9-AD23B370EB06}.Debug|Any CPU.Build.0 = Debug|Any CPU
		{473ED8CE-CD62-431B-BCB9-AD23B370EB06}.Release|Any CPU.ActiveCfg = Release|Any CPU
		{473ED8CE-CD62-431B-BCB9-AD23B370EB06}.Release|Any CPU.Build.0 = Release|Any CPU
		{26D104F9-F08A-47FC-B11B-74B0650FD11F}.Debug|Any CPU.ActiveCfg = Debug|Any CPU
		{26D104F9-F08A-47FC-B11B-74B0650FD11F}.Debug|Any CPU.Build.0 = Debug|Any CPU
		{26D104F9-F08A-47FC-B11B-74B0650FD11F}.Release|Any CPU.ActiveCfg = Release|Any CPU
		{26D104F9-F08A-47FC-B11B-74B0650FD11F}.Release|Any CPU.Build.0 = Release|Any CPU
		{2A3D3A7F-16F3-4B7E-8B16-B72B005FA18B}.Debug|Any CPU.ActiveCfg = Debug|Any CPU
		{2A3D3A7F-16F3-4B7E-8B16-B72B005FA18B}.Debug|Any CPU.Build.0 = Debug|Any CPU
		{2A3D3A7F-16F3-4B7E-8B16-B72B005FA18B}.Release|Any CPU.ActiveCfg = Release|Any CPU
		{2A3D3A7F-16F3-4B7E-8B16-B72B005FA18B}.Release|Any CPU.Build.0 = Release|Any CPU
		{A5D4690D-FB86-4F4F-BD06-6A13C120A88E}.Debug|Any CPU.ActiveCfg = Debug|Any CPU
		{A5D4690D-FB86-4F4F-BD06-6A13C120A88E}.Debug|Any CPU.Build.0 = Debug|Any CPU
		{A5D4690D-FB86-4F4F-BD06-6A13C120A88E}.Release|Any CPU.ActiveCfg = Release|Any CPU
		{A5D4690D-FB86-4F4F-BD06-6A13C120A88E}.Release|Any CPU.Build.0 = Release|Any CPU
		{504192A7-30D8-464A-9D3C-C52D4BC2B7B7}.Debug|Any CPU.ActiveCfg = Debug|Any CPU
		{504192A7-30D8-464A-9D3C-C52D4BC2B7B7}.Debug|Any CPU.Build.0 = Debug|Any CPU
		{504192A7-30D8-464A-9D3C-C52D4BC2B7B7}.Release|Any CPU.ActiveCfg = Release|Any CPU
		{504192A7-30D8-464A-9D3C-C52D4BC2B7B7}.Release|Any CPU.Build.0 = Release|Any CPU
		{13A907A4-DB13-4920-96A0-02456E919F7E}.Debug|Any CPU.ActiveCfg = Debug|Any CPU
		{13A907A4-DB13-4920-96A0-02456E919F7E}.Debug|Any CPU.Build.0 = Debug|Any CPU
		{13A907A4-DB13-4920-96A0-02456E919F7E}.Release|Any CPU.ActiveCfg = Release|Any CPU
		{13A907A4-DB13-4920-96A0-02456E919F7E}.Release|Any CPU.Build.0 = Release|Any CPU
		{C65C2917-EB0F-4A4D-9EC0-24B56ED26FA5}.Debug|Any CPU.ActiveCfg = Debug|Any CPU
		{C65C2917-EB0F-4A4D-9EC0-24B56ED26FA5}.Debug|Any CPU.Build.0 = Debug|Any CPU
		{C65C2917-EB0F-4A4D-9EC0-24B56ED26FA5}.Release|Any CPU.ActiveCfg = Release|Any CPU
		{C65C2917-EB0F-4A4D-9EC0-24B56ED26FA5}.Release|Any CPU.Build.0 = Release|Any CPU
		{3D417EB6-3985-46CB-9FA8-DE25C1975903}.Debug|Any CPU.ActiveCfg = Debug|Any CPU
		{3D417EB6-3985-46CB-9FA8-DE25C1975903}.Debug|Any CPU.Build.0 = Debug|Any CPU
		{3D417EB6-3985-46CB-9FA8-DE25C1975903}.Release|Any CPU.ActiveCfg = Release|Any CPU
		{3D417EB6-3985-46CB-9FA8-DE25C1975903}.Release|Any CPU.Build.0 = Release|Any CPU
		{58D413E0-69AD-4B86-9E04-A3A3FA54CAA3}.Debug|Any CPU.ActiveCfg = Debug|Any CPU
		{58D413E0-69AD-4B86-9E04-A3A3FA54CAA3}.Debug|Any CPU.Build.0 = Debug|Any CPU
		{58D413E0-69AD-4B86-9E04-A3A3FA54CAA3}.Release|Any CPU.ActiveCfg = Release|Any CPU
		{58D413E0-69AD-4B86-9E04-A3A3FA54CAA3}.Release|Any CPU.Build.0 = Release|Any CPU
		{DB7EE314-004B-4CB0-8397-1518877B5135}.Debug|Any CPU.ActiveCfg = Debug|Any CPU
		{DB7EE314-004B-4CB0-8397-1518877B5135}.Debug|Any CPU.Build.0 = Debug|Any CPU
		{DB7EE314-004B-4CB0-8397-1518877B5135}.Release|Any CPU.ActiveCfg = Release|Any CPU
		{DB7EE314-004B-4CB0-8397-1518877B5135}.Release|Any CPU.Build.0 = Release|Any CPU
		{6DEEE963-7E10-4199-8A0F-C63DCAFB5DA8}.Debug|Any CPU.ActiveCfg = Debug|Any CPU
		{6DEEE963-7E10-4199-8A0F-C63DCAFB5DA8}.Debug|Any CPU.Build.0 = Debug|Any CPU
		{6DEEE963-7E10-4199-8A0F-C63DCAFB5DA8}.Release|Any CPU.ActiveCfg = Release|Any CPU
		{6DEEE963-7E10-4199-8A0F-C63DCAFB5DA8}.Release|Any CPU.Build.0 = Release|Any CPU
		{95BC2A20-11DA-4AB8-8451-5E93B4E2E316}.Debug|Any CPU.ActiveCfg = Debug|Any CPU
		{95BC2A20-11DA-4AB8-8451-5E93B4E2E316}.Debug|Any CPU.Build.0 = Debug|Any CPU
		{95BC2A20-11DA-4AB8-8451-5E93B4E2E316}.Release|Any CPU.ActiveCfg = Release|Any CPU
		{95BC2A20-11DA-4AB8-8451-5E93B4E2E316}.Release|Any CPU.Build.0 = Release|Any CPU
		{DFFEDF1B-03FA-4069-827B-257D66EEE8AD}.Debug|Any CPU.ActiveCfg = Debug|Any CPU
		{DFFEDF1B-03FA-4069-827B-257D66EEE8AD}.Debug|Any CPU.Build.0 = Debug|Any CPU
		{DFFEDF1B-03FA-4069-827B-257D66EEE8AD}.Release|Any CPU.ActiveCfg = Release|Any CPU
		{DFFEDF1B-03FA-4069-827B-257D66EEE8AD}.Release|Any CPU.Build.0 = Release|Any CPU
		{737E8B56-79AE-4452-80BF-586982893477}.Debug|Any CPU.ActiveCfg = Debug|Any CPU
		{737E8B56-79AE-4452-80BF-586982893477}.Debug|Any CPU.Build.0 = Debug|Any CPU
		{737E8B56-79AE-4452-80BF-586982893477}.Release|Any CPU.ActiveCfg = Release|Any CPU
		{737E8B56-79AE-4452-80BF-586982893477}.Release|Any CPU.Build.0 = Release|Any CPU
		{B23888C0-5DB8-4872-ACB5-CDF273EF45CE}.Debug|Any CPU.ActiveCfg = Debug|Any CPU
		{B23888C0-5DB8-4872-ACB5-CDF273EF45CE}.Debug|Any CPU.Build.0 = Debug|Any CPU
		{B23888C0-5DB8-4872-ACB5-CDF273EF45CE}.Release|Any CPU.ActiveCfg = Release|Any CPU
		{B23888C0-5DB8-4872-ACB5-CDF273EF45CE}.Release|Any CPU.Build.0 = Release|Any CPU
		{CC8FCD95-0DDF-4AEA-9F8C-3D3950317B27}.Debug|Any CPU.ActiveCfg = Debug|Any CPU
		{CC8FCD95-0DDF-4AEA-9F8C-3D3950317B27}.Debug|Any CPU.Build.0 = Debug|Any CPU
		{CC8FCD95-0DDF-4AEA-9F8C-3D3950317B27}.Release|Any CPU.ActiveCfg = Release|Any CPU
		{CC8FCD95-0DDF-4AEA-9F8C-3D3950317B27}.Release|Any CPU.Build.0 = Release|Any CPU
		{92F5AD36-4100-47B6-8660-8938EF7705F3}.Debug|Any CPU.ActiveCfg = Debug|Any CPU
		{92F5AD36-4100-47B6-8660-8938EF7705F3}.Debug|Any CPU.Build.0 = Debug|Any CPU
		{92F5AD36-4100-47B6-8660-8938EF7705F3}.Release|Any CPU.ActiveCfg = Release|Any CPU
		{92F5AD36-4100-47B6-8660-8938EF7705F3}.Release|Any CPU.Build.0 = Release|Any CPU
		{01EB9E70-4A13-41E3-8609-8DFD9C2BC0A4}.Debug|Any CPU.ActiveCfg = Debug|Any CPU
		{01EB9E70-4A13-41E3-8609-8DFD9C2BC0A4}.Debug|Any CPU.Build.0 = Debug|Any CPU
		{01EB9E70-4A13-41E3-8609-8DFD9C2BC0A4}.Release|Any CPU.ActiveCfg = Release|Any CPU
		{01EB9E70-4A13-41E3-8609-8DFD9C2BC0A4}.Release|Any CPU.Build.0 = Release|Any CPU
		{DF384D76-50A5-4D7B-A1D2-15CA00B844D4}.Debug|Any CPU.ActiveCfg = Debug|Any CPU
		{DF384D76-50A5-4D7B-A1D2-15CA00B844D4}.Debug|Any CPU.Build.0 = Debug|Any CPU
		{DF384D76-50A5-4D7B-A1D2-15CA00B844D4}.Release|Any CPU.ActiveCfg = Release|Any CPU
		{DF384D76-50A5-4D7B-A1D2-15CA00B844D4}.Release|Any CPU.Build.0 = Release|Any CPU
		{FADFD5E7-A5AD-49D9-A03F-70DB8E98AD38}.Debug|Any CPU.ActiveCfg = Debug|Any CPU
		{FADFD5E7-A5AD-49D9-A03F-70DB8E98AD38}.Debug|Any CPU.Build.0 = Debug|Any CPU
		{FADFD5E7-A5AD-49D9-A03F-70DB8E98AD38}.Release|Any CPU.ActiveCfg = Release|Any CPU
		{FADFD5E7-A5AD-49D9-A03F-70DB8E98AD38}.Release|Any CPU.Build.0 = Release|Any CPU
		{9F96589A-C7F8-4E33-BD6E-3BDA40205D07}.Debug|Any CPU.ActiveCfg = Debug|Any CPU
		{9F96589A-C7F8-4E33-BD6E-3BDA40205D07}.Debug|Any CPU.Build.0 = Debug|Any CPU
		{9F96589A-C7F8-4E33-BD6E-3BDA40205D07}.Release|Any CPU.ActiveCfg = Release|Any CPU
		{9F96589A-C7F8-4E33-BD6E-3BDA40205D07}.Release|Any CPU.Build.0 = Release|Any CPU
		{E7FE662C-24E4-4915-9847-26AB4038540D}.Debug|Any CPU.ActiveCfg = Debug|Any CPU
		{E7FE662C-24E4-4915-9847-26AB4038540D}.Debug|Any CPU.Build.0 = Debug|Any CPU
		{E7FE662C-24E4-4915-9847-26AB4038540D}.Release|Any CPU.ActiveCfg = Release|Any CPU
		{E7FE662C-24E4-4915-9847-26AB4038540D}.Release|Any CPU.Build.0 = Release|Any CPU
		{89C3B730-4024-4C76-8CB0-FAA8BF0945B9}.Debug|Any CPU.ActiveCfg = Debug|Any CPU
		{89C3B730-4024-4C76-8CB0-FAA8BF0945B9}.Debug|Any CPU.Build.0 = Debug|Any CPU
		{89C3B730-4024-4C76-8CB0-FAA8BF0945B9}.Release|Any CPU.ActiveCfg = Release|Any CPU
		{89C3B730-4024-4C76-8CB0-FAA8BF0945B9}.Release|Any CPU.Build.0 = Release|Any CPU
		{3D1B69AB-810E-4DC7-96CF-F958EECAC6C4}.Debug|Any CPU.ActiveCfg = Debug|Any CPU
		{3D1B69AB-810E-4DC7-96CF-F958EECAC6C4}.Debug|Any CPU.Build.0 = Debug|Any CPU
		{3D1B69AB-810E-4DC7-96CF-F958EECAC6C4}.Release|Any CPU.ActiveCfg = Release|Any CPU
		{3D1B69AB-810E-4DC7-96CF-F958EECAC6C4}.Release|Any CPU.Build.0 = Release|Any CPU
		{E109E848-54D2-4BCE-808E-F5F3844A1B1D}.Debug|Any CPU.ActiveCfg = Debug|Any CPU
		{E109E848-54D2-4BCE-808E-F5F3844A1B1D}.Debug|Any CPU.Build.0 = Debug|Any CPU
		{E109E848-54D2-4BCE-808E-F5F3844A1B1D}.Release|Any CPU.ActiveCfg = Release|Any CPU
		{E109E848-54D2-4BCE-808E-F5F3844A1B1D}.Release|Any CPU.Build.0 = Release|Any CPU
		{09ABC5EB-0896-4693-A057-A03B35E0294C}.Debug|Any CPU.ActiveCfg = Debug|Any CPU
		{09ABC5EB-0896-4693-A057-A03B35E0294C}.Debug|Any CPU.Build.0 = Debug|Any CPU
		{09ABC5EB-0896-4693-A057-A03B35E0294C}.Release|Any CPU.ActiveCfg = Release|Any CPU
		{09ABC5EB-0896-4693-A057-A03B35E0294C}.Release|Any CPU.Build.0 = Release|Any CPU
		{5F141D56-D6ED-45C7-A355-63EC641246DB}.Debug|Any CPU.ActiveCfg = Debug|Any CPU
		{5F141D56-D6ED-45C7-A355-63EC641246DB}.Debug|Any CPU.Build.0 = Debug|Any CPU
		{5F141D56-D6ED-45C7-A355-63EC641246DB}.Release|Any CPU.ActiveCfg = Release|Any CPU
		{5F141D56-D6ED-45C7-A355-63EC641246DB}.Release|Any CPU.Build.0 = Release|Any CPU
		{E1C1B35D-6336-413B-B7DE-25BC24AE401A}.Debug|Any CPU.ActiveCfg = Debug|Any CPU
		{E1C1B35D-6336-413B-B7DE-25BC24AE401A}.Debug|Any CPU.Build.0 = Debug|Any CPU
		{E1C1B35D-6336-413B-B7DE-25BC24AE401A}.Release|Any CPU.ActiveCfg = Release|Any CPU
		{E1C1B35D-6336-413B-B7DE-25BC24AE401A}.Release|Any CPU.Build.0 = Release|Any CPU
		{E05EFE74-1D74-44BF-8DE6-AA4B0DC4BC97}.Debug|Any CPU.ActiveCfg = Debug|Any CPU
		{E05EFE74-1D74-44BF-8DE6-AA4B0DC4BC97}.Debug|Any CPU.Build.0 = Debug|Any CPU
		{E05EFE74-1D74-44BF-8DE6-AA4B0DC4BC97}.Release|Any CPU.ActiveCfg = Release|Any CPU
		{E05EFE74-1D74-44BF-8DE6-AA4B0DC4BC97}.Release|Any CPU.Build.0 = Release|Any CPU
		{3D418431-3CD2-439A-AE5F-2BBC7FF977C6}.Debug|Any CPU.ActiveCfg = Debug|Any CPU
		{3D418431-3CD2-439A-AE5F-2BBC7FF977C6}.Debug|Any CPU.Build.0 = Debug|Any CPU
		{3D418431-3CD2-439A-AE5F-2BBC7FF977C6}.Release|Any CPU.ActiveCfg = Release|Any CPU
		{3D418431-3CD2-439A-AE5F-2BBC7FF977C6}.Release|Any CPU.Build.0 = Release|Any CPU
		{2535B065-655A-4799-BF19-B57A8FABA0AD}.Debug|Any CPU.ActiveCfg = Debug|Any CPU
		{2535B065-655A-4799-BF19-B57A8FABA0AD}.Debug|Any CPU.Build.0 = Debug|Any CPU
		{2535B065-655A-4799-BF19-B57A8FABA0AD}.Release|Any CPU.ActiveCfg = Release|Any CPU
		{2535B065-655A-4799-BF19-B57A8FABA0AD}.Release|Any CPU.Build.0 = Release|Any CPU
		{93457FDB-5F10-44C6-B8D9-A13909EE2870}.Debug|Any CPU.ActiveCfg = Debug|Any CPU
		{93457FDB-5F10-44C6-B8D9-A13909EE2870}.Debug|Any CPU.Build.0 = Debug|Any CPU
		{93457FDB-5F10-44C6-B8D9-A13909EE2870}.Release|Any CPU.ActiveCfg = Release|Any CPU
		{93457FDB-5F10-44C6-B8D9-A13909EE2870}.Release|Any CPU.Build.0 = Release|Any CPU
		{68C10FDD-7E5D-4EB1-8FDA-D35C32ACE8C1}.Debug|Any CPU.ActiveCfg = Debug|Any CPU
		{68C10FDD-7E5D-4EB1-8FDA-D35C32ACE8C1}.Debug|Any CPU.Build.0 = Debug|Any CPU
		{68C10FDD-7E5D-4EB1-8FDA-D35C32ACE8C1}.Release|Any CPU.ActiveCfg = Release|Any CPU
		{68C10FDD-7E5D-4EB1-8FDA-D35C32ACE8C1}.Release|Any CPU.Build.0 = Release|Any CPU
		{0CB31446-301C-49F6-B333-91992FDF36A2}.Debug|Any CPU.ActiveCfg = Debug|Any CPU
		{0CB31446-301C-49F6-B333-91992FDF36A2}.Debug|Any CPU.Build.0 = Debug|Any CPU
		{0CB31446-301C-49F6-B333-91992FDF36A2}.Release|Any CPU.ActiveCfg = Release|Any CPU
		{0CB31446-301C-49F6-B333-91992FDF36A2}.Release|Any CPU.Build.0 = Release|Any CPU
		{4F16A8DB-2D02-44DF-9D9D-C65FDBB0DF22}.Debug|Any CPU.ActiveCfg = Debug|Any CPU
		{4F16A8DB-2D02-44DF-9D9D-C65FDBB0DF22}.Debug|Any CPU.Build.0 = Debug|Any CPU
		{4F16A8DB-2D02-44DF-9D9D-C65FDBB0DF22}.Release|Any CPU.ActiveCfg = Release|Any CPU
		{4F16A8DB-2D02-44DF-9D9D-C65FDBB0DF22}.Release|Any CPU.Build.0 = Release|Any CPU
		{8758DEC7-5A7F-413D-BD26-9922B78B409B}.Debug|Any CPU.ActiveCfg = Debug|Any CPU
		{8758DEC7-5A7F-413D-BD26-9922B78B409B}.Debug|Any CPU.Build.0 = Debug|Any CPU
		{8758DEC7-5A7F-413D-BD26-9922B78B409B}.Release|Any CPU.ActiveCfg = Release|Any CPU
		{8758DEC7-5A7F-413D-BD26-9922B78B409B}.Release|Any CPU.Build.0 = Release|Any CPU
		{35DB87D2-2238-4530-A265-56C89980057A}.Debug|Any CPU.ActiveCfg = Debug|Any CPU
		{35DB87D2-2238-4530-A265-56C89980057A}.Debug|Any CPU.Build.0 = Debug|Any CPU
		{35DB87D2-2238-4530-A265-56C89980057A}.Release|Any CPU.ActiveCfg = Release|Any CPU
		{35DB87D2-2238-4530-A265-56C89980057A}.Release|Any CPU.Build.0 = Release|Any CPU
		{2649AA5F-4C16-4B80-8D74-EAD6F9211038}.Debug|Any CPU.ActiveCfg = Debug|Any CPU
		{2649AA5F-4C16-4B80-8D74-EAD6F9211038}.Debug|Any CPU.Build.0 = Debug|Any CPU
		{2649AA5F-4C16-4B80-8D74-EAD6F9211038}.Release|Any CPU.ActiveCfg = Release|Any CPU
		{2649AA5F-4C16-4B80-8D74-EAD6F9211038}.Release|Any CPU.Build.0 = Release|Any CPU
		{171ED076-12AE-4770-A858-F6258343B3CC}.Debug|Any CPU.ActiveCfg = Debug|Any CPU
		{171ED076-12AE-4770-A858-F6258343B3CC}.Debug|Any CPU.Build.0 = Debug|Any CPU
		{171ED076-12AE-4770-A858-F6258343B3CC}.Release|Any CPU.ActiveCfg = Release|Any CPU
		{171ED076-12AE-4770-A858-F6258343B3CC}.Release|Any CPU.Build.0 = Release|Any CPU
		{9C9C5679-B802-48E8-8159-1B205C1793DB}.Debug|Any CPU.ActiveCfg = Debug|Any CPU
		{9C9C5679-B802-48E8-8159-1B205C1793DB}.Debug|Any CPU.Build.0 = Debug|Any CPU
		{9C9C5679-B802-48E8-8159-1B205C1793DB}.Release|Any CPU.ActiveCfg = Release|Any CPU
		{9C9C5679-B802-48E8-8159-1B205C1793DB}.Release|Any CPU.Build.0 = Release|Any CPU
		{AA2FB4A6-5F8E-4D56-BC26-F99CB2B5D0AD}.Debug|Any CPU.ActiveCfg = Debug|Any CPU
		{AA2FB4A6-5F8E-4D56-BC26-F99CB2B5D0AD}.Debug|Any CPU.Build.0 = Debug|Any CPU
		{AA2FB4A6-5F8E-4D56-BC26-F99CB2B5D0AD}.Release|Any CPU.ActiveCfg = Release|Any CPU
		{AA2FB4A6-5F8E-4D56-BC26-F99CB2B5D0AD}.Release|Any CPU.Build.0 = Release|Any CPU
		{F2BD1D83-499E-4EA7-95D0-BC7CC235DD7F}.Debug|Any CPU.ActiveCfg = Debug|Any CPU
		{F2BD1D83-499E-4EA7-95D0-BC7CC235DD7F}.Debug|Any CPU.Build.0 = Debug|Any CPU
		{F2BD1D83-499E-4EA7-95D0-BC7CC235DD7F}.Release|Any CPU.ActiveCfg = Release|Any CPU
		{F2BD1D83-499E-4EA7-95D0-BC7CC235DD7F}.Release|Any CPU.Build.0 = Release|Any CPU
		{3AEFF66C-2896-4D53-8066-4D2AFE6AE780}.Debug|Any CPU.ActiveCfg = Debug|Any CPU
		{3AEFF66C-2896-4D53-8066-4D2AFE6AE780}.Debug|Any CPU.Build.0 = Debug|Any CPU
		{3AEFF66C-2896-4D53-8066-4D2AFE6AE780}.Release|Any CPU.ActiveCfg = Release|Any CPU
		{3AEFF66C-2896-4D53-8066-4D2AFE6AE780}.Release|Any CPU.Build.0 = Release|Any CPU
		{0C74F825-F173-4ABC-AC1C-A0094FBBF4A6}.Debug|Any CPU.ActiveCfg = Debug|Any CPU
		{0C74F825-F173-4ABC-AC1C-A0094FBBF4A6}.Debug|Any CPU.Build.0 = Debug|Any CPU
		{0C74F825-F173-4ABC-AC1C-A0094FBBF4A6}.Release|Any CPU.ActiveCfg = Release|Any CPU
		{0C74F825-F173-4ABC-AC1C-A0094FBBF4A6}.Release|Any CPU.Build.0 = Release|Any CPU
		{8AFB1C99-7E16-4912-B662-91C5328C6BAE}.Debug|Any CPU.ActiveCfg = Debug|Any CPU
		{8AFB1C99-7E16-4912-B662-91C5328C6BAE}.Debug|Any CPU.Build.0 = Debug|Any CPU
		{8AFB1C99-7E16-4912-B662-91C5328C6BAE}.Release|Any CPU.ActiveCfg = Release|Any CPU
		{8AFB1C99-7E16-4912-B662-91C5328C6BAE}.Release|Any CPU.Build.0 = Release|Any CPU
		{C94B9E69-3B48-4AAB-B3C3-80AA190640C2}.Debug|Any CPU.ActiveCfg = Debug|Any CPU
		{C94B9E69-3B48-4AAB-B3C3-80AA190640C2}.Debug|Any CPU.Build.0 = Debug|Any CPU
		{C94B9E69-3B48-4AAB-B3C3-80AA190640C2}.Release|Any CPU.ActiveCfg = Release|Any CPU
		{C94B9E69-3B48-4AAB-B3C3-80AA190640C2}.Release|Any CPU.Build.0 = Release|Any CPU
		{866798F5-FD69-49D2-B4FA-279DC7188A54}.Debug|Any CPU.ActiveCfg = Debug|Any CPU
		{866798F5-FD69-49D2-B4FA-279DC7188A54}.Debug|Any CPU.Build.0 = Debug|Any CPU
		{866798F5-FD69-49D2-B4FA-279DC7188A54}.Release|Any CPU.ActiveCfg = Release|Any CPU
		{866798F5-FD69-49D2-B4FA-279DC7188A54}.Release|Any CPU.Build.0 = Release|Any CPU
		{EBB7E090-7309-49D6-A0C9-CD704E7FEA31}.Debug|Any CPU.ActiveCfg = Debug|Any CPU
		{EBB7E090-7309-49D6-A0C9-CD704E7FEA31}.Debug|Any CPU.Build.0 = Debug|Any CPU
		{EBB7E090-7309-49D6-A0C9-CD704E7FEA31}.Release|Any CPU.ActiveCfg = Release|Any CPU
		{EBB7E090-7309-49D6-A0C9-CD704E7FEA31}.Release|Any CPU.Build.0 = Release|Any CPU
		{3043062B-A48A-419F-8F78-9ED234383103}.Debug|Any CPU.ActiveCfg = Debug|Any CPU
		{3043062B-A48A-419F-8F78-9ED234383103}.Debug|Any CPU.Build.0 = Debug|Any CPU
		{3043062B-A48A-419F-8F78-9ED234383103}.Release|Any CPU.ActiveCfg = Release|Any CPU
		{3043062B-A48A-419F-8F78-9ED234383103}.Release|Any CPU.Build.0 = Release|Any CPU
		{B8326741-67E8-42CB-910A-E236F2C94A8F}.Debug|Any CPU.ActiveCfg = Debug|Any CPU
		{B8326741-67E8-42CB-910A-E236F2C94A8F}.Debug|Any CPU.Build.0 = Debug|Any CPU
		{B8326741-67E8-42CB-910A-E236F2C94A8F}.Release|Any CPU.ActiveCfg = Release|Any CPU
		{B8326741-67E8-42CB-910A-E236F2C94A8F}.Release|Any CPU.Build.0 = Release|Any CPU
		{74C98BF5-D663-4CCA-B970-D9A1258B6BB9}.Debug|Any CPU.ActiveCfg = Debug|Any CPU
		{74C98BF5-D663-4CCA-B970-D9A1258B6BB9}.Debug|Any CPU.Build.0 = Debug|Any CPU
		{74C98BF5-D663-4CCA-B970-D9A1258B6BB9}.Release|Any CPU.ActiveCfg = Release|Any CPU
		{74C98BF5-D663-4CCA-B970-D9A1258B6BB9}.Release|Any CPU.Build.0 = Release|Any CPU
		{12A8A263-EF41-4B20-97A8-3D050FF1B326}.Debug|Any CPU.ActiveCfg = Debug|Any CPU
		{12A8A263-EF41-4B20-97A8-3D050FF1B326}.Debug|Any CPU.Build.0 = Debug|Any CPU
		{12A8A263-EF41-4B20-97A8-3D050FF1B326}.Release|Any CPU.ActiveCfg = Release|Any CPU
		{12A8A263-EF41-4B20-97A8-3D050FF1B326}.Release|Any CPU.Build.0 = Release|Any CPU
		{BAEBA822-4EBF-4211-A92F-797D529C2DE3}.Debug|Any CPU.ActiveCfg = Debug|Any CPU
		{BAEBA822-4EBF-4211-A92F-797D529C2DE3}.Debug|Any CPU.Build.0 = Debug|Any CPU
		{BAEBA822-4EBF-4211-A92F-797D529C2DE3}.Release|Any CPU.ActiveCfg = Release|Any CPU
		{BAEBA822-4EBF-4211-A92F-797D529C2DE3}.Release|Any CPU.Build.0 = Release|Any CPU
		{1E65E919-C7D8-4678-8BFD-1434CC8293BF}.Debug|Any CPU.ActiveCfg = Debug|Any CPU
		{1E65E919-C7D8-4678-8BFD-1434CC8293BF}.Debug|Any CPU.Build.0 = Debug|Any CPU
		{1E65E919-C7D8-4678-8BFD-1434CC8293BF}.Release|Any CPU.ActiveCfg = Release|Any CPU
		{1E65E919-C7D8-4678-8BFD-1434CC8293BF}.Release|Any CPU.Build.0 = Release|Any CPU
		{7208999A-BC28-4476-BBFD-572C8D43E35E}.Debug|Any CPU.ActiveCfg = Debug|Any CPU
		{7208999A-BC28-4476-BBFD-572C8D43E35E}.Debug|Any CPU.Build.0 = Debug|Any CPU
		{7208999A-BC28-4476-BBFD-572C8D43E35E}.Release|Any CPU.ActiveCfg = Release|Any CPU
		{7208999A-BC28-4476-BBFD-572C8D43E35E}.Release|Any CPU.Build.0 = Release|Any CPU
		{5AB49F06-014A-4CAF-9A92-F5B3783E51C6}.Debug|Any CPU.ActiveCfg = Debug|Any CPU
		{5AB49F06-014A-4CAF-9A92-F5B3783E51C6}.Debug|Any CPU.Build.0 = Debug|Any CPU
		{5AB49F06-014A-4CAF-9A92-F5B3783E51C6}.Release|Any CPU.ActiveCfg = Release|Any CPU
		{5AB49F06-014A-4CAF-9A92-F5B3783E51C6}.Release|Any CPU.Build.0 = Release|Any CPU
		{03EE9539-60C6-4BB5-97D7-3F9B1A077234}.Debug|Any CPU.ActiveCfg = Debug|Any CPU
		{03EE9539-60C6-4BB5-97D7-3F9B1A077234}.Debug|Any CPU.Build.0 = Debug|Any CPU
		{03EE9539-60C6-4BB5-97D7-3F9B1A077234}.Release|Any CPU.ActiveCfg = Release|Any CPU
		{03EE9539-60C6-4BB5-97D7-3F9B1A077234}.Release|Any CPU.Build.0 = Release|Any CPU
		{EDD521B4-DB92-4833-ADD0-AF31206DE695}.Debug|Any CPU.ActiveCfg = Debug|Any CPU
		{EDD521B4-DB92-4833-ADD0-AF31206DE695}.Debug|Any CPU.Build.0 = Debug|Any CPU
		{EDD521B4-DB92-4833-ADD0-AF31206DE695}.Release|Any CPU.ActiveCfg = Release|Any CPU
		{EDD521B4-DB92-4833-ADD0-AF31206DE695}.Release|Any CPU.Build.0 = Release|Any CPU
		{13D915B0-28AE-49B8-BB09-0452930343F9}.Debug|Any CPU.ActiveCfg = Debug|Any CPU
		{13D915B0-28AE-49B8-BB09-0452930343F9}.Debug|Any CPU.Build.0 = Debug|Any CPU
		{13D915B0-28AE-49B8-BB09-0452930343F9}.Release|Any CPU.ActiveCfg = Release|Any CPU
		{13D915B0-28AE-49B8-BB09-0452930343F9}.Release|Any CPU.Build.0 = Release|Any CPU
		{D0086181-DE0B-4E2D-BEB4-D3147FBCFDEB}.Debug|Any CPU.ActiveCfg = Debug|Any CPU
		{D0086181-DE0B-4E2D-BEB4-D3147FBCFDEB}.Debug|Any CPU.Build.0 = Debug|Any CPU
		{D0086181-DE0B-4E2D-BEB4-D3147FBCFDEB}.Release|Any CPU.ActiveCfg = Release|Any CPU
		{D0086181-DE0B-4E2D-BEB4-D3147FBCFDEB}.Release|Any CPU.Build.0 = Release|Any CPU
		{CD3BBC88-2682-4B1D-8A1C-4BD9C7FE1D02}.Debug|Any CPU.ActiveCfg = Debug|Any CPU
		{CD3BBC88-2682-4B1D-8A1C-4BD9C7FE1D02}.Debug|Any CPU.Build.0 = Debug|Any CPU
		{CD3BBC88-2682-4B1D-8A1C-4BD9C7FE1D02}.Release|Any CPU.ActiveCfg = Release|Any CPU
		{CD3BBC88-2682-4B1D-8A1C-4BD9C7FE1D02}.Release|Any CPU.Build.0 = Release|Any CPU
	EndGlobalSection
	GlobalSection(SolutionProperties) = preSolution
		HideSolutionNode = FALSE
	EndGlobalSection
	GlobalSection(NestedProjects) = preSolution
		{DC9E894F-E65F-443E-9F4E-6FEDB46F06DC} = {B405B0AE-6ECD-4586-B3D6-9D875073DFAF}
		{558B024C-981D-4288-99D2-5B6C0C30C427} = {DC9E894F-E65F-443E-9F4E-6FEDB46F06DC}
		{FF655439-DFFE-4BE4-AB76-BC84EE188C7F} = {DC9E894F-E65F-443E-9F4E-6FEDB46F06DC}
		{82B05679-3A56-4E9A-BFA3-B68D29821B8A} = {B405B0AE-6ECD-4586-B3D6-9D875073DFAF}
		{A9C4DF80-0A9F-4979-AB4B-201A5B573A61} = {82B05679-3A56-4E9A-BFA3-B68D29821B8A}
		{5E9585EE-934F-41B4-9ECA-FB0C55A155EF} = {BF701694-E1CE-4FD1-97BA-DA832F6F3D45}
		{24212B0A-8DAA-4AC3-BB5D-F3AC485EABA4} = {BF701694-E1CE-4FD1-97BA-DA832F6F3D45}
		{5C17B127-95DD-480C-BDCC-7FDF5E645B0C} = {BF701694-E1CE-4FD1-97BA-DA832F6F3D45}
		{DB89FCB6-E4F9-4BD4-93F3-4E857741D749} = {FB46E926-0EEC-488C-B950-A16D2E7F694B}
		{06B4A342-2E42-4F66-A0FE-CD6110DDF980} = {EB38E883-88AF-4E4C-9DCD-FAEBD8A20968}
		{8452EA31-F7BB-4897-8881-F3EE3F82049A} = {EB38E883-88AF-4E4C-9DCD-FAEBD8A20968}
		{DD7848E5-3489-454E-BF37-49B6FE4C7F01} = {EB38E883-88AF-4E4C-9DCD-FAEBD8A20968}
		{82A783ED-11AD-407D-990B-A6AE9D557290} = {EB38E883-88AF-4E4C-9DCD-FAEBD8A20968}
		{8B9374B5-42D7-48C9-84C7-A560167F0D47} = {F4D798A3-8D65-4750-9552-B02BCE081508}
		{5777979E-5737-46EF-9B0E-9C18FA7004B6} = {BF701694-E1CE-4FD1-97BA-DA832F6F3D45}
		{1DE974CF-D77E-4E9B-B3F9-7E5A3F9C4A67} = {BF701694-E1CE-4FD1-97BA-DA832F6F3D45}
		{97C928E3-54D6-4FAE-A314-775BE9E25A14} = {FB46E926-0EEC-488C-B950-A16D2E7F694B}
		{5B8D8451-E920-42E5-9F6A-D6D1238A24B4} = {FB46E926-0EEC-488C-B950-A16D2E7F694B}
		{0897A17C-8822-4E42-83BE-A59F21A4E5E2} = {EB38E883-88AF-4E4C-9DCD-FAEBD8A20968}
		{5BEF24DB-61B5-4615-A578-3BEB1F4FD1D8} = {EB38E883-88AF-4E4C-9DCD-FAEBD8A20968}
		{32AE404F-B9EB-4793-A947-CACD58B2B5E2} = {BF701694-E1CE-4FD1-97BA-DA832F6F3D45}
		{ECB9C1D8-AB1D-4105-AF2F-BC9D14158BF3} = {F4D798A3-8D65-4750-9552-B02BCE081508}
		{F4BC22A9-7007-46B1-B168-DFB2A2E0EA24} = {BF701694-E1CE-4FD1-97BA-DA832F6F3D45}
		{405C6B1D-CCFE-407A-9A96-3548C55B0D1F} = {BF701694-E1CE-4FD1-97BA-DA832F6F3D45}
		{D4C8400D-94FB-4C82-A7A2-26BD970A42D8} = {BF701694-E1CE-4FD1-97BA-DA832F6F3D45}
		{8CFACB33-960A-4BA7-972F-059B81E1A4B2} = {BF701694-E1CE-4FD1-97BA-DA832F6F3D45}
		{B7D7FF93-7003-44AA-A88F-EB192B38C00A} = {BF701694-E1CE-4FD1-97BA-DA832F6F3D45}
		{0D5E94AD-2311-4430-92FA-02BF01267BF3} = {24212B0A-8DAA-4AC3-BB5D-F3AC485EABA4}
		{995A7CF5-FE4A-4CC1-ACF3-FABD03A94F69} = {F4BC22A9-7007-46B1-B168-DFB2A2E0EA24}
		{D9CC341C-4A32-4D91-BD8F-D23663F89347} = {8CFACB33-960A-4BA7-972F-059B81E1A4B2}
		{D24F093F-20B5-43F3-A84F-B6E92C9A7000} = {8CFACB33-960A-4BA7-972F-059B81E1A4B2}
		{ADBD41EE-24F8-45BE-BCD1-DFFCE200D3F2} = {8CFACB33-960A-4BA7-972F-059B81E1A4B2}
		{02A6E867-4133-413C-9909-A8F1890D9A66} = {D4C8400D-94FB-4C82-A7A2-26BD970A42D8}
		{DCA6E3FE-3342-4F49-B3BA-5F658DCC76D2} = {5777979E-5737-46EF-9B0E-9C18FA7004B6}
		{6A6D3355-18D7-4E66-96C2-85864540BF5C} = {405C6B1D-CCFE-407A-9A96-3548C55B0D1F}
		{5D0EC23C-2C3D-4E93-90CA-05DE3CDE9687} = {405C6B1D-CCFE-407A-9A96-3548C55B0D1F}
		{1C273ECE-5749-486C-BF89-BA27F83DA864} = {32AE404F-B9EB-4793-A947-CACD58B2B5E2}
		{2A13D301-4DFB-4B0E-8388-B68E33518FF2} = {1DE974CF-D77E-4E9B-B3F9-7E5A3F9C4A67}
		{63EE2247-0A5B-47F9-B8AA-AED5BC8FC873} = {BF701694-E1CE-4FD1-97BA-DA832F6F3D45}
		{C6AC63B3-23AA-4AC3-9B11-C43B44F6C89A} = {63EE2247-0A5B-47F9-B8AA-AED5BC8FC873}
		{A10A3EE0-079A-4FB4-82AF-B7D680EE2690} = {5C17B127-95DD-480C-BDCC-7FDF5E645B0C}
		{4019C53F-2185-4ACF-A816-C659607B05E5} = {B7D7FF93-7003-44AA-A88F-EB192B38C00A}
		{57B547B6-D725-4C3E-82A7-39ED03BD438B} = {BF701694-E1CE-4FD1-97BA-DA832F6F3D45}
		{44AE2CE8-5EE2-42F6-A1CA-E562EC697445} = {57B547B6-D725-4C3E-82A7-39ED03BD438B}
		{56D66384-8CA7-4EFC-9F41-F9EE7E445578} = {63EE2247-0A5B-47F9-B8AA-AED5BC8FC873}
		{31461239-7C3E-4C19-A558-BE59F9384572} = {56D66384-8CA7-4EFC-9F41-F9EE7E445578}
		{473ED8CE-CD62-431B-BCB9-AD23B370EB06} = {56D66384-8CA7-4EFC-9F41-F9EE7E445578}
		{F0624F02-43C5-4BAF-B6E8-54EDB5B9EED7} = {BF701694-E1CE-4FD1-97BA-DA832F6F3D45}
		{26D104F9-F08A-47FC-B11B-74B0650FD11F} = {F0624F02-43C5-4BAF-B6E8-54EDB5B9EED7}
		{EB91C76E-79F5-4D1E-9EFF-A64E9621E92F} = {BF701694-E1CE-4FD1-97BA-DA832F6F3D45}
		{2A3D3A7F-16F3-4B7E-8B16-B72B005FA18B} = {EB91C76E-79F5-4D1E-9EFF-A64E9621E92F}
		{A5D4690D-FB86-4F4F-BD06-6A13C120A88E} = {A228384F-7DF9-4144-B84E-AC8BF2F69D1B}
		{504192A7-30D8-464A-9D3C-C52D4BC2B7B7} = {A228384F-7DF9-4144-B84E-AC8BF2F69D1B}
		{13A907A4-DB13-4920-96A0-02456E919F7E} = {A228384F-7DF9-4144-B84E-AC8BF2F69D1B}
		{C65C2917-EB0F-4A4D-9EC0-24B56ED26FA5} = {A228384F-7DF9-4144-B84E-AC8BF2F69D1B}
		{3D417EB6-3985-46CB-9FA8-DE25C1975903} = {A228384F-7DF9-4144-B84E-AC8BF2F69D1B}
		{58D413E0-69AD-4B86-9E04-A3A3FA54CAA3} = {94F46729-90A8-415A-92E0-2D996D3210B4}
		{DB7EE314-004B-4CB0-8397-1518877B5135} = {94F46729-90A8-415A-92E0-2D996D3210B4}
		{6DEEE963-7E10-4199-8A0F-C63DCAFB5DA8} = {5836A018-B0F3-4D6F-8C45-FC1E9C85D51A}
		{95BC2A20-11DA-4AB8-8451-5E93B4E2E316} = {5836A018-B0F3-4D6F-8C45-FC1E9C85D51A}
		{DFFEDF1B-03FA-4069-827B-257D66EEE8AD} = {969A695E-BEB5-45B8-93D8-B31640FA495D}
		{737E8B56-79AE-4452-80BF-586982893477} = {969A695E-BEB5-45B8-93D8-B31640FA495D}
		{B23888C0-5DB8-4872-ACB5-CDF273EF45CE} = {84D1227F-3419-4BCD-9331-8B61B2C19784}
		{CC8FCD95-0DDF-4AEA-9F8C-3D3950317B27} = {DB89FCB6-E4F9-4BD4-93F3-4E857741D749}
		{92F5AD36-4100-47B6-8660-8938EF7705F3} = {97C928E3-54D6-4FAE-A314-775BE9E25A14}
		{01EB9E70-4A13-41E3-8609-8DFD9C2BC0A4} = {5B8D8451-E920-42E5-9F6A-D6D1238A24B4}
		{50312210-D0AC-4E25-B819-BE2F1CC70581} = {FB46E926-0EEC-488C-B950-A16D2E7F694B}
		{DF384D76-50A5-4D7B-A1D2-15CA00B844D4} = {50312210-D0AC-4E25-B819-BE2F1CC70581}
		{FADFD5E7-A5AD-49D9-A03F-70DB8E98AD38} = {EFB33E23-9E98-4B85-99E4-865705D5ACD2}
		{9F96589A-C7F8-4E33-BD6E-3BDA40205D07} = {EFB33E23-9E98-4B85-99E4-865705D5ACD2}
		{E7FE662C-24E4-4915-9847-26AB4038540D} = {5126C261-9A81-4FBC-8653-7710C1D1D735}
		{89C3B730-4024-4C76-8CB0-FAA8BF0945B9} = {5126C261-9A81-4FBC-8653-7710C1D1D735}
		{3CD1A21A-1864-46A7-8975-AC442014BA2A} = {5126C261-9A81-4FBC-8653-7710C1D1D735}
		{3D1B69AB-810E-4DC7-96CF-F958EECAC6C4} = {3CD1A21A-1864-46A7-8975-AC442014BA2A}
		{E109E848-54D2-4BCE-808E-F5F3844A1B1D} = {59C3DFB0-C6E1-4F7E-AD9D-9857A4153A1E}
		{09ABC5EB-0896-4693-A057-A03B35E0294C} = {D01CF5F0-67D0-44E3-B7CE-0BAD4F475C0E}
		{5F141D56-D6ED-45C7-A355-63EC641246DB} = {F8C07F29-7233-4FD3-A3DC-45963071E20A}
		{E1C1B35D-6336-413B-B7DE-25BC24AE401A} = {F8C07F29-7233-4FD3-A3DC-45963071E20A}
		{E05EFE74-1D74-44BF-8DE6-AA4B0DC4BC97} = {F8C07F29-7233-4FD3-A3DC-45963071E20A}
		{01B7AC92-32D4-4864-B5CF-02752C391C9B} = {BF701694-E1CE-4FD1-97BA-DA832F6F3D45}
		{3D418431-3CD2-439A-AE5F-2BBC7FF977C6} = {01B7AC92-32D4-4864-B5CF-02752C391C9B}
		{2535B065-655A-4799-BF19-B57A8FABA0AD} = {8B9374B5-42D7-48C9-84C7-A560167F0D47}
		{93457FDB-5F10-44C6-B8D9-A13909EE2870} = {8B9374B5-42D7-48C9-84C7-A560167F0D47}
		{68C10FDD-7E5D-4EB1-8FDA-D35C32ACE8C1} = {ECB9C1D8-AB1D-4105-AF2F-BC9D14158BF3}
		{0CB31446-301C-49F6-B333-91992FDF36A2} = {F4D798A3-8D65-4750-9552-B02BCE081508}
		{4F16A8DB-2D02-44DF-9D9D-C65FDBB0DF22} = {F8C07F29-7233-4FD3-A3DC-45963071E20A}
		{8758DEC7-5A7F-413D-BD26-9922B78B409B} = {F8C07F29-7233-4FD3-A3DC-45963071E20A}
		{35DB87D2-2238-4530-A265-56C89980057A} = {F8C07F29-7233-4FD3-A3DC-45963071E20A}
		{2649AA5F-4C16-4B80-8D74-EAD6F9211038} = {A228384F-7DF9-4144-B84E-AC8BF2F69D1B}
		{56CB516C-E67D-42E0-9249-CB7C4C4CE244} = {BF701694-E1CE-4FD1-97BA-DA832F6F3D45}
		{171ED076-12AE-4770-A858-F6258343B3CC} = {56CB516C-E67D-42E0-9249-CB7C4C4CE244}
		{9F264382-A7D8-49A9-B351-E28107C1EEEF} = {969A695E-BEB5-45B8-93D8-B31640FA495D}
		{9C9C5679-B802-48E8-8159-1B205C1793DB} = {9F264382-A7D8-49A9-B351-E28107C1EEEF}
		{AA2FB4A6-5F8E-4D56-BC26-F99CB2B5D0AD} = {84D1227F-3419-4BCD-9331-8B61B2C19784}
		{685CB97B-83A6-4941-B29F-646A1A17F540} = {63EE2247-0A5B-47F9-B8AA-AED5BC8FC873}
		{F2BD1D83-499E-4EA7-95D0-BC7CC235DD7F} = {685CB97B-83A6-4941-B29F-646A1A17F540}
		{3AEFF66C-2896-4D53-8066-4D2AFE6AE780} = {5836A018-B0F3-4D6F-8C45-FC1E9C85D51A}
		{0C74F825-F173-4ABC-AC1C-A0094FBBF4A6} = {969A695E-BEB5-45B8-93D8-B31640FA495D}
		{8AFB1C99-7E16-4912-B662-91C5328C6BAE} = {94F46729-90A8-415A-92E0-2D996D3210B4}
		{995183D4-74FD-4EDD-8FDF-8B6BC0410A06} = {63EE2247-0A5B-47F9-B8AA-AED5BC8FC873}
		{C94B9E69-3B48-4AAB-B3C3-80AA190640C2} = {995183D4-74FD-4EDD-8FDF-8B6BC0410A06}
		{866798F5-FD69-49D2-B4FA-279DC7188A54} = {0E116F60-01DE-4648-B4EE-5B944EED42AA}
		{EBB7E090-7309-49D6-A0C9-CD704E7FEA31} = {8911AC2E-B951-436C-A76D-7E994017069B}
		{3043062B-A48A-419F-8F78-9ED234383103} = {0F95EA5A-0E08-4516-89D4-C3BFC88789F9}
		{B8326741-67E8-42CB-910A-E236F2C94A8F} = {0F95EA5A-0E08-4516-89D4-C3BFC88789F9}
		{74C98BF5-D663-4CCA-B970-D9A1258B6BB9} = {0F95EA5A-0E08-4516-89D4-C3BFC88789F9}
		{12A8A263-EF41-4B20-97A8-3D050FF1B326} = {EFB33E23-9E98-4B85-99E4-865705D5ACD2}
		{BAEBA822-4EBF-4211-A92F-797D529C2DE3} = {D01CF5F0-67D0-44E3-B7CE-0BAD4F475C0E}
		{1E65E919-C7D8-4678-8BFD-1434CC8293BF} = {FB46E926-0EEC-488C-B950-A16D2E7F694B}
		{7208999A-BC28-4476-BBFD-572C8D43E35E} = {5C17B127-95DD-480C-BDCC-7FDF5E645B0C}
		{1B6092F9-4776-4502-818F-B35D153D19D6} = {BF701694-E1CE-4FD1-97BA-DA832F6F3D45}
		{5AB49F06-014A-4CAF-9A92-F5B3783E51C6} = {1B6092F9-4776-4502-818F-B35D153D19D6}
		{03EE9539-60C6-4BB5-97D7-3F9B1A077234} = {DB89FCB6-E4F9-4BD4-93F3-4E857741D749}
		{EDD521B4-DB92-4833-ADD0-AF31206DE695} = {F8C07F29-7233-4FD3-A3DC-45963071E20A}
		{13D915B0-28AE-49B8-BB09-0452930343F9} = {F8C07F29-7233-4FD3-A3DC-45963071E20A}
		{D0086181-DE0B-4E2D-BEB4-D3147FBCFDEB} = {F8C07F29-7233-4FD3-A3DC-45963071E20A}
		{CD3BBC88-2682-4B1D-8A1C-4BD9C7FE1D02} = {6A3BF583-187B-4092-8480-78C313AA0A17}
	EndGlobalSection
	GlobalSection(ExtensibilityGlobals) = postSolution
		SolutionGuid = {DB787235-A13A-4A3D-B5A8-5DFEB6511EEE}
	EndGlobalSection
EndGlobal
