
Microsoft Visual Studio Solution File, Format Version 12.00
# Visual Studio Version 17
VisualStudioVersion = 17.7.34031.279
MinimumVisualStudioVersion = 10.0.40219.1
Project("{2150E333-8FDC-42A3-9474-1A3956D46DE8}") = "Tcp", "Tcp", "{F95587FB-433F-4D36-AD1F-B59B88A645C6}"
EndProject
Project("{9A19103F-16F7-4668-BE54-9A1E7A4F7556}") = "TcpConsoleApp", "Tcp\TcpConsoleApp\TcpConsoleApp.csproj", "{4E9607D7-48F7-426E-89D4-2BA0B4FAFAB4}"
EndProject
Project("{2150E333-8FDC-42A3-9474-1A3956D46DE8}") = "Rpc", "Rpc", "{835AD087-6FDC-47DC-B5C4-0850F91B577D}"
EndProject
Project("{FAE04EC0-301F-11D3-BF4B-00C04F79EFBC}") = "DmtpRpcConsoleApp", "Rpc\DmtpRpcConsoleApp\DmtpRpcConsoleApp.csproj", "{5F28E40F-FCAF-4BDA-A0C1-854057E7422B}"
EndProject
Global
	GlobalSection(SolutionConfigurationPlatforms) = preSolution
		Debug|Any CPU = Debug|Any CPU
		Release|Any CPU = Release|Any CPU
	EndGlobalSection
	GlobalSection(ProjectConfigurationPlatforms) = postSolution
		{4E9607D7-48F7-426E-89D4-2BA0B4FAFAB4}.Debug|Any CPU.ActiveCfg = Debug|Any CPU
		{4E9607D7-48F7-426E-89D4-2BA0B4FAFAB4}.Debug|Any CPU.Build.0 = Debug|Any CPU
		{4E9607D7-48F7-426E-89D4-2BA0B4FAFAB4}.Release|Any CPU.ActiveCfg = Release|Any CPU
		{4E9607D7-48F7-426E-89D4-2BA0B4FAFAB4}.Release|Any CPU.Build.0 = Release|Any CPU
		{5F28E40F-FCAF-4BDA-A0C1-854057E7422B}.Debug|Any CPU.ActiveCfg = Debug|Any CPU
		{5F28E40F-FCAF-4BDA-A0C1-854057E7422B}.Debug|Any CPU.Build.0 = Debug|Any CPU
		{5F28E40F-FCAF-4BDA-A0C1-854057E7422B}.Release|Any CPU.ActiveCfg = Release|Any CPU
		{5F28E40F-FCAF-4BDA-A0C1-854057E7422B}.Release|Any CPU.Build.0 = Release|Any CPU
	EndGlobalSection
	GlobalSection(SolutionProperties) = preSolution
		HideSolutionNode = FALSE
	EndGlobalSection
	GlobalSection(NestedProjects) = preSolution
		{4E9607D7-48F7-426E-89D4-2BA0B4FAFAB4} = {F95587FB-433F-4D36-AD1F-B59B88A645C6}
		{5F28E40F-FCAF-4BDA-A0C1-854057E7422B} = {835AD087-6FDC-47DC-B5C4-0850F91B577D}
	EndGlobalSection
	GlobalSection(ExtensibilityGlobals) = postSolution
		SolutionGuid = {D63AFF97-3A68-43E1-92DA-A19E6889439C}
	EndGlobalSection
EndGlobal
