
Microsoft Visual Studio Solution File, Format Version 12.00
# Visual Studio Version 17
VisualStudioVersion = 17.3.32922.545
MinimumVisualStudioVersion = 10.0.40219.1
Project("{2150E333-8FDC-42A3-9474-1A3956D46DE8}") = "Tcp简单示例", "Tcp简单示例", "{FB46E926-0EEC-488C-B950-A16D2E7F694B}"
EndProject
Project("{2150E333-8FDC-42A3-9474-1A3956D46DE8}") = "Udp简单示例", "Udp简单示例", "{F4D798A3-8D65-4750-9552-B02BCE081508}"
EndProject
Project("{2150E333-8FDC-42A3-9474-1A3956D46DE8}") = "Adapter简单示例", "Adapter简单示例", "{F8C07F29-7233-4FD3-A3DC-45963071E20A}"
EndProject
Project("{2150E333-8FDC-42A3-9474-1A3956D46DE8}") = "Plugin简单示例", "Plugin简单示例", "{397AE2E0-1FB6-4B71-A888-328FF7FA05B4}"
EndProject
Project("{2150E333-8FDC-42A3-9474-1A3956D46DE8}") = "Consul简单示例", "Consul简单示例", "{B405B0AE-6ECD-4586-B3D6-9D875073DFAF}"
EndProject
Project("{2150E333-8FDC-42A3-9474-1A3956D46DE8}") = "NATService简单示例", "NATService简单示例", "{825D21FC-245C-4B6B-B237-E4ADEB2C98DC}"
EndProject
Project("{2150E333-8FDC-42A3-9474-1A3956D46DE8}") = "Ssl证书相关", "Ssl证书相关", "{4D592C10-4AF8-435E-9DB2-A718AB9BF9C4}"
	ProjectSection(SolutionItems) = preProject
		Ssl证书相关\证书生成.zip = Ssl证书相关\证书生成.zip
	EndProjectSection
EndProject
Project("{9A19103F-16F7-4668-BE54-9A1E7A4F7556}") = "AdapterConsoleApp", "Adapter简单示例\AdapterConsoleApp\AdapterConsoleApp.csproj", "{65823091-FE7C-4B96-96AB-1D4D09B45DA2}"
EndProject
Project("{2150E333-8FDC-42A3-9474-1A3956D46DE8}") = "Dmtp集群", "Dmtp集群", "{DC9E894F-E65F-443E-9F4E-6FEDB46F06DC}"
EndProject
Project("{9A19103F-16F7-4668-BE54-9A1E7A4F7556}") = "WinFormsApp", "Consul集群示例\TouchRpc Consul集群\WinFormsApp\WinFormsApp.csproj", "{558B024C-981D-4288-99D2-5B6C0C30C427}"
EndProject
Project("{9A19103F-16F7-4668-BE54-9A1E7A4F7556}") = "ServiceConsoleApp", "Consul集群示例\TouchRpc Consul集群\ServiceConsoleApp\ServiceConsoleApp.csproj", "{FF655439-DFFE-4BE4-AB76-BC84EE188C7F}"
EndProject
Project("{2150E333-8FDC-42A3-9474-1A3956D46DE8}") = "Tcp集群", "Tcp集群", "{82B05679-3A56-4E9A-BFA3-B68D29821B8A}"
EndProject
Project("{9A19103F-16F7-4668-BE54-9A1E7A4F7556}") = "ConsulConsoleApp", "Consul集群示例\ConsulConsoleApp\ConsulConsoleApp.csproj", "{A9C4DF80-0A9F-4979-AB4B-201A5B573A61}"
EndProject
Project("{9A19103F-16F7-4668-BE54-9A1E7A4F7556}") = "NATServiceConsoleApp", "NAT简单示例\NATServiceConsoleApp\NATServiceConsoleApp.csproj", "{FF839E56-FD43-4CEF-9775-B440D6BA4099}"
EndProject
Project("{9A19103F-16F7-4668-BE54-9A1E7A4F7556}") = "PluginConsoleApp", "Plugin简单示例\PluginConsoleApp\PluginConsoleApp.csproj", "{A3FAE253-EF1C-4B77-BBCA-A2E85F22E48B}"
EndProject
Project("{FAE04EC0-301F-11D3-BF4B-00C04F79EFBC}") = "ServiceApp", "Tcp简单示例\ServiceApp\ServiceApp.csproj", "{6BEF15C2-29A2-4E57-8879-1B4AD0B4935E}"
EndProject
Project("{FAE04EC0-301F-11D3-BF4B-00C04F79EFBC}") = "ClientApp", "Tcp简单示例\ClientApp\ClientApp.csproj", "{0B7591F5-37C8-4570-ACEF-782CE3F12957}"
EndProject
Project("{9A19103F-16F7-4668-BE54-9A1E7A4F7556}") = "UdpDemoApp", "Udp简单示例\UdpDemoApp\UdpDemoApp.csproj", "{31026659-0E64-4344-A8E2-A3C5477E4A94}"
EndProject
Project("{2150E333-8FDC-42A3-9474-1A3956D46DE8}") = "JsonRpc简单示例", "JsonRpc简单示例", "{969A695E-BEB5-45B8-93D8-B31640FA495D}"
EndProject
Project("{9A19103F-16F7-4668-BE54-9A1E7A4F7556}") = "JsonRpcConsoleApp", "JsonRpc简单示例\JsonRpcConsoleApp\JsonRpcConsoleApp.csproj", "{F9E0154E-2DFC-480F-9B3A-B30548C41DFD}"
EndProject
Project("{2150E333-8FDC-42A3-9474-1A3956D46DE8}") = "Http简单示例", "Http简单示例", "{EFB33E23-9E98-4B85-99E4-865705D5ACD2}"
EndProject
Project("{9A19103F-16F7-4668-BE54-9A1E7A4F7556}") = "ServiceConsoleApp", "Http简单示例\ConsoleApp\ServiceConsoleApp.csproj", "{AF8A5195-E56B-41E6-85A2-83E501E69500}"
EndProject
Project("{2150E333-8FDC-42A3-9474-1A3956D46DE8}") = "WebApi简单示例", "WebApi简单示例", "{5836A018-B0F3-4D6F-8C45-FC1E9C85D51A}"
EndProject
Project("{9A19103F-16F7-4668-BE54-9A1E7A4F7556}") = "WebApiServerApp", "WebApi简单示例\WebApiServer\WebApiServerApp.csproj", "{725CF25C-F3F0-4833-A501-8FD8F3596837}"
EndProject
Project("{9A19103F-16F7-4668-BE54-9A1E7A4F7556}") = "WebApiClientApp", "WebApi简单示例\WebApiClientApp\WebApiClientApp.csproj", "{BF73D290-6C07-4EC6-8546-447F15B543C7}"
EndProject
Project("{2150E333-8FDC-42A3-9474-1A3956D46DE8}") = "XmlRpc简单示例", "XmlRpc简单示例", "{94F46729-90A8-415A-92E0-2D996D3210B4}"
EndProject
Project("{9A19103F-16F7-4668-BE54-9A1E7A4F7556}") = "XmlRpcServerApp", "XmlRpc简单示例\XmlRpcServerApp\XmlRpcServerApp.csproj", "{54AA84C4-3986-4E0C-9F3B-2D17C00C8CD5}"
EndProject
Project("{9A19103F-16F7-4668-BE54-9A1E7A4F7556}") = "XmlRpcClientApp", "XmlRpc简单示例\XmlRpcClientApp\XmlRpcClientApp.csproj", "{F933280F-F5C2-4145-B857-A70B921D940A}"
EndProject
Project("{2150E333-8FDC-42A3-9474-1A3956D46DE8}") = "EventBus简单示例(暂时移除)", "EventBus简单示例(暂时移除)", "{5E9585EE-934F-41B4-9ECA-FB0C55A155EF}"
EndProject
Project("{2150E333-8FDC-42A3-9474-1A3956D46DE8}") = "FileTransfer简单示例", "FileTransfer简单示例", "{24212B0A-8DAA-4AC3-BB5D-F3AC485EABA4}"
EndProject
Project("{2150E333-8FDC-42A3-9474-1A3956D46DE8}") = "基于AspNetCore的WebSocket协议", "基于AspNetCore的WebSocket协议", "{5C17B127-95DD-480C-BDCC-7FDF5E645B0C}"
EndProject
Project("{2150E333-8FDC-42A3-9474-1A3956D46DE8}") = "控制台", "控制台", "{DB89FCB6-E4F9-4BD4-93F3-4E857741D749}"
EndProject
Project("{9A19103F-16F7-4668-BE54-9A1E7A4F7556}") = "ConsoleApp", "Tcp简单示例\ConsoleApp\ConsoleApp.csproj", "{71D8B6B2-09F3-4060-B073-A3F5D944C304}"
EndProject
Project("{2150E333-8FDC-42A3-9474-1A3956D46DE8}") = "WebSocket简单示例", "WebSocket简单示例", "{84D1227F-3419-4BCD-9331-8B61B2C19784}"
EndProject
Project("{9A19103F-16F7-4668-BE54-9A1E7A4F7556}") = "WebSocketConsoleApp", "WebSocket简单示例\WebSocketConsoleApp\WebSocketConsoleApp.csproj", "{5F9D5028-12C8-4819-9B8E-ACE017B63132}"
EndProject
Project("{2150E333-8FDC-42A3-9474-1A3956D46DE8}") = "BlogsDemos", "BlogsDemos", "{EB38E883-88AF-4E4C-9DCD-FAEBD8A20968}"
EndProject
Project("{9A19103F-16F7-4668-BE54-9A1E7A4F7556}") = "HeartbeatConsoleApp", "BlogsDemos\HeartbeatConsoleApp\HeartbeatConsoleApp.csproj", "{06B4A342-2E42-4F66-A0FE-CD6110DDF980}"
EndProject
Project("{9A19103F-16F7-4668-BE54-9A1E7A4F7556}") = "LimitNumberOfConnectionsConsoleApp", "BlogsDemos\LimitNumberOfConnectionsConsoleApp\LimitNumberOfConnectionsConsoleApp.csproj", "{8452EA31-F7BB-4897-8881-F3EE3F82049A}"
EndProject
Project("{9A19103F-16F7-4668-BE54-9A1E7A4F7556}") = "ThrottlingConsoleApp", "BlogsDemos\ThrottlingConsoleApp\ThrottlingConsoleApp.csproj", "{DD7848E5-3489-454E-BF37-49B6FE4C7F01}"
EndProject
Project("{9A19103F-16F7-4668-BE54-9A1E7A4F7556}") = "TrafficCounterConsoleApp", "BlogsDemos\TrafficCounterConsoleApp\TrafficCounterConsoleApp.csproj", "{82A783ED-11AD-407D-990B-A6AE9D557290}"
EndProject
Project("{2150E333-8FDC-42A3-9474-1A3956D46DE8}") = "UDP屏幕捕捉器", "UDP屏幕捕捉器", "{8B9374B5-42D7-48C9-84C7-A560167F0D47}"
EndProject
Project("{9A19103F-16F7-4668-BE54-9A1E7A4F7556}") = "ScreenUdpSender", "Udp简单示例\UDP屏幕捕捉器\ScreenUdpSender\ScreenUdpSender.csproj", "{791D316B-41D7-4B19-A25B-A58EBEA4E04A}"
EndProject
Project("{9A19103F-16F7-4668-BE54-9A1E7A4F7556}") = "ScreenUdpReceiver", "Udp简单示例\UDP屏幕捕捉器\ScreenUdpReceiver\ScreenUdpReceiver.csproj", "{EDAA9CD3-1474-4588-9E3B-E970CED20F0F}"
EndProject
Project("{2150E333-8FDC-42A3-9474-1A3956D46DE8}") = "反向Rpc示例", "反向Rpc示例", "{5777979E-5737-46EF-9B0E-9C18FA7004B6}"
EndProject
Project("{2150E333-8FDC-42A3-9474-1A3956D46DE8}") = "远程文件系统访问简单示例", "远程文件系统访问简单示例", "{1DE974CF-D77E-4E9B-B3F9-7E5A3F9C4A67}"
EndProject
Project("{2150E333-8FDC-42A3-9474-1A3956D46DE8}") = "BytePool简单示例", "BytePool简单示例", "{6D046723-8625-4D69-BD71-64E5F43B210A}"
EndProject
Project("{9A19103F-16F7-4668-BE54-9A1E7A4F7556}") = "BytePoolConsoleApp", "BytePool简单示例\BytePoolConsoleApp\BytePoolConsoleApp.csproj", "{F5AA7892-A533-4603-959F-A990AE569C59}"
EndProject
Project("{2150E333-8FDC-42A3-9474-1A3956D46DE8}") = "Unity3d简单示例", "Unity3d简单示例", "{59C3DFB0-C6E1-4F7E-AD9D-9857A4153A1E}"
EndProject
Project("{9A19103F-16F7-4668-BE54-9A1E7A4F7556}") = "UnityServerConsoleApp", "Unity3d简单示例\UnityServer\UnityServerConsoleApp\UnityServerConsoleApp.csproj", "{F645710B-4FE8-430C-9860-B289743CAE23}"
EndProject
Project("{2150E333-8FDC-42A3-9474-1A3956D46DE8}") = "AspNetCore", "AspNetCore", "{97C928E3-54D6-4FAE-A314-775BE9E25A14}"
EndProject
Project("{9A19103F-16F7-4668-BE54-9A1E7A4F7556}") = "TcpServiceForWebApi", "Tcp简单示例\AspNetCore\TcpServiceForWebApi\TcpServiceForWebApi.csproj", "{E629B642-AF9B-4FB6-AFE3-6258E2F0B953}"
EndProject
Project("{9A19103F-16F7-4668-BE54-9A1E7A4F7556}") = "TLVWinFormsApp", "Adapter简单示例\TLVWinFormsApp\TLVWinFormsApp.csproj", "{E72ADFB6-4AA5-4210-BC6B-A68927644526}"
EndProject
Project("{2150E333-8FDC-42A3-9474-1A3956D46DE8}") = "AppMessenger简单示例", "AppMessenger简单示例", "{DFAE990A-30E8-4974-A130-D66E9B3486B7}"
EndProject
Project("{9A19103F-16F7-4668-BE54-9A1E7A4F7556}") = "WinAppForAppMessenger", "AppMessenger简单示例\WinAppForAppMessenger\WinAppForAppMessenger.csproj", "{66849ED5-C951-450A-8867-AE5FA8109FC3}"
EndProject
Project("{9A19103F-16F7-4668-BE54-9A1E7A4F7556}") = "PipelineConsoleApp", "Adapter简单示例\PipelineConsoleApp\PipelineConsoleApp.csproj", "{D5892A0B-DE58-42C2-B5EE-E1C34745493B}"
EndProject
Project("{2150E333-8FDC-42A3-9474-1A3956D46DE8}") = "Log4net日志注入", "Log4net日志注入", "{14C9DCF7-767F-48F5-956F-782161BA2420}"
EndProject
Project("{9A19103F-16F7-4668-BE54-9A1E7A4F7556}") = "Log4netConsoleApp", "Log4net日志注入\Log4netConsoleApp\Log4netConsoleApp.csproj", "{0E76C63C-66CC-43BE-A6AF-A7862E669C2F}"
EndProject
Project("{2150E333-8FDC-42A3-9474-1A3956D46DE8}") = "包序列化模式", "包序列化模式", "{55970A52-E1A6-493B-91C4-9F4EE3E888B6}"
EndProject
Project("{9A19103F-16F7-4668-BE54-9A1E7A4F7556}") = "PackageConsoleApp", "包序列化模式\PackageConsoleApp\PackageConsoleApp.csproj", "{BDF15495-BC59-4A66-8643-F8166907B28E}"
EndProject
Project("{9A19103F-16F7-4668-BE54-9A1E7A4F7556}") = "AdapterTesterConsoleApp", "Adapter简单示例\AdapterTesterConsoleApp\AdapterTesterConsoleApp.csproj", "{BF997370-81F3-4DCA-81A3-AF7D9050ABB1}"
EndProject
Project("{2150E333-8FDC-42A3-9474-1A3956D46DE8}") = "Tcp命令行执行插件", "Tcp命令行执行插件", "{5B8D8451-E920-42E5-9F6A-D6D1238A24B4}"
EndProject
Project("{9A19103F-16F7-4668-BE54-9A1E7A4F7556}") = "TcpCommandLineConsoleApp", "Tcp简单示例\Tcp命令行执行插件\TcpCommandLineConsoleApp\TcpCommandLineConsoleApp.csproj", "{15554D7C-32B3-48A2-9475-2364A721A1F7}"
EndProject
Project("{9A19103F-16F7-4668-BE54-9A1E7A4F7556}") = "AccessRestrictionsConsoleApp", "BlogsDemos\AccessRestrictionsConsoleApp\AccessRestrictionsConsoleApp.csproj", "{0897A17C-8822-4E42-83BE-A59F21A4E5E2}"
EndProject
Project("{9A19103F-16F7-4668-BE54-9A1E7A4F7556}") = "DifferentProtocolConsoleApp", "BlogsDemos\DifferentProtocolConsoleApp\DifferentProtocolConsoleApp.csproj", "{5BEF24DB-61B5-4615-A578-3BEB1F4FD1D8}"
EndProject
Project("{2150E333-8FDC-42A3-9474-1A3956D46DE8}") = "源代码生成代理", "源代码生成代理", "{32AE404F-B9EB-4793-A947-CACD58B2B5E2}"
EndProject
Project("{2150E333-8FDC-42A3-9474-1A3956D46DE8}") = "Udp组播、广播", "Udp组播、广播", "{ECB9C1D8-AB1D-4105-AF2F-BC9D14158BF3}"
EndProject
Project("{9A19103F-16F7-4668-BE54-9A1E7A4F7556}") = "UdpBroadcastConsoleApp", "Udp简单示例\Udp组播、广播\UdpBroadcastConsoleApp\UdpBroadcastConsoleApp.csproj", "{C26AB687-63B1-4C4C-8FDC-B1CF182C9E92}"
EndProject
Project("{2150E333-8FDC-42A3-9474-1A3956D46DE8}") = "Rpc流式数据传输", "Rpc流式数据传输", "{F4BC22A9-7007-46B1-B168-DFB2A2E0EA24}"
EndProject
Project("{2150E333-8FDC-42A3-9474-1A3956D46DE8}") = "序列化选择器", "序列化选择器", "{405C6B1D-CCFE-407A-9A96-3548C55B0D1F}"
EndProject
Project("{2150E333-8FDC-42A3-9474-1A3956D46DE8}") = "DmtpRpc工厂示例", "DmtpRpc工厂示例", "{D4C8400D-94FB-4C82-A7A2-26BD970A42D8}"
EndProject
Project("{2150E333-8FDC-42A3-9474-1A3956D46DE8}") = "SG推荐用法", "SG推荐用法", "{8CFACB33-960A-4BA7-972F-059B81E1A4B2}"
EndProject
Project("{2150E333-8FDC-42A3-9474-1A3956D46DE8}") = "远程流映射", "远程流映射", "{B7D7FF93-7003-44AA-A88F-EB192B38C00A}"
EndProject
Project("{2150E333-8FDC-42A3-9474-1A3956D46DE8}") = "Dmtp示例", "Dmtp示例", "{BF701694-E1CE-4FD1-97BA-DA832F6F3D45}"
EndProject
Project("{9A19103F-16F7-4668-BE54-9A1E7A4F7556}") = "FileTransferConsoleApp", "Dmtp示例\FileTransferConsoleApp\FileTransferConsoleApp.csproj", "{0D5E94AD-2311-4430-92FA-02BF01267BF3}"
EndProject
Project("{9A19103F-16F7-4668-BE54-9A1E7A4F7556}") = "RpcStreamConsoleApp", "Dmtp示例\RpcStreamConsoleApp\RpcStreamConsoleApp.csproj", "{995A7CF5-FE4A-4CC1-ACF3-FABD03A94F69}"
EndProject
Project("{9A19103F-16F7-4668-BE54-9A1E7A4F7556}") = "RecommendRpcConsoleApp", "Dmtp示例\RecommendRpcConsoleApp\RecommendRpcConsoleApp.csproj", "{D9CC341C-4A32-4D91-BD8F-D23663F89347}"
EndProject
Project("{9A19103F-16F7-4668-BE54-9A1E7A4F7556}") = "RpcClassLibrary", "Dmtp示例\RpcClassLibrary\RpcClassLibrary.csproj", "{D24F093F-20B5-43F3-A84F-B6E92C9A7000}"
EndProject
Project("{9A19103F-16F7-4668-BE54-9A1E7A4F7556}") = "RpcImplementationClassLibrary", "Dmtp示例\RpcImplementationClassLibrary\RpcImplementationClassLibrary.csproj", "{ADBD41EE-24F8-45BE-BCD1-DFFCE200D3F2}"
EndProject
Project("{9A19103F-16F7-4668-BE54-9A1E7A4F7556}") = "RpcFactoryConsoleApp", "Dmtp示例\RpcFactoryConsoleApp\RpcFactoryConsoleApp.csproj", "{02A6E867-4133-413C-9909-A8F1890D9A66}"
EndProject
Project("{9A19103F-16F7-4668-BE54-9A1E7A4F7556}") = "ReverseRpcConsoleApp", "Dmtp示例\ReverseRpcConsoleApp\ReverseRpcConsoleApp.csproj", "{DCA6E3FE-3342-4F49-B3BA-5F658DCC76D2}"
EndProject
Project("{9A19103F-16F7-4668-BE54-9A1E7A4F7556}") = "SerializationSelectorClassLibrary", "Dmtp示例\SerializationSelectorClassLibrary\SerializationSelectorClassLibrary.csproj", "{6A6D3355-18D7-4E66-96C2-85864540BF5C}"
EndProject
Project("{9A19103F-16F7-4668-BE54-9A1E7A4F7556}") = "SerializationSelectorConsoleApp", "Dmtp示例\SerializationSelectorConsoleApp\SerializationSelectorConsoleApp.csproj", "{5D0EC23C-2C3D-4E93-90CA-05DE3CDE9687}"
EndProject
Project("{9A19103F-16F7-4668-BE54-9A1E7A4F7556}") = "GeneratorRpcProxyConsoleApp", "Dmtp示例\GeneratorRpcProxyConsoleApp\GeneratorRpcProxyConsoleApp.csproj", "{1C273ECE-5749-486C-BF89-BA27F83DA864}"
EndProject
Project("{9A19103F-16F7-4668-BE54-9A1E7A4F7556}") = "RemoteAccessApp", "Dmtp示例\RemoteAccessApp\RemoteAccessApp.csproj", "{2A13D301-4DFB-4B0E-8388-B68E33518FF2}"
EndProject
Project("{2150E333-8FDC-42A3-9474-1A3956D46DE8}") = "DmtpRpc", "DmtpRpc", "{63EE2247-0A5B-47F9-B8AA-AED5BC8FC873}"
EndProject
Project("{9A19103F-16F7-4668-BE54-9A1E7A4F7556}") = "DmtpRpcClientApp", "Dmtp示例\DmtpRpcClientApp\DmtpRpcClientApp.csproj", "{C6AC63B3-23AA-4AC3-9B11-C43B44F6C89A}"
EndProject
Project("{9A19103F-16F7-4668-BE54-9A1E7A4F7556}") = "DmtpWebApplication", "Dmtp示例\DmtpWebApplication\DmtpWebApplication.csproj", "{A10A3EE0-079A-4FB4-82AF-B7D680EE2690}"
EndProject
Project("{9A19103F-16F7-4668-BE54-9A1E7A4F7556}") = "RemoteStreamConsoleApp", "Dmtp示例\RemoteStreamConsoleApp\RemoteStreamConsoleApp.csproj", "{4019C53F-2185-4ACF-A816-C659607B05E5}"
EndProject
Global
	GlobalSection(SolutionConfigurationPlatforms) = preSolution
		Debug|Any CPU = Debug|Any CPU
		Release|Any CPU = Release|Any CPU
	EndGlobalSection
	GlobalSection(ProjectConfigurationPlatforms) = postSolution
		{65823091-FE7C-4B96-96AB-1D4D09B45DA2}.Debug|Any CPU.ActiveCfg = Debug|Any CPU
		{65823091-FE7C-4B96-96AB-1D4D09B45DA2}.Debug|Any CPU.Build.0 = Debug|Any CPU
		{65823091-FE7C-4B96-96AB-1D4D09B45DA2}.Release|Any CPU.ActiveCfg = Release|Any CPU
		{65823091-FE7C-4B96-96AB-1D4D09B45DA2}.Release|Any CPU.Build.0 = Release|Any CPU
		{558B024C-981D-4288-99D2-5B6C0C30C427}.Debug|Any CPU.ActiveCfg = Debug|Any CPU
		{558B024C-981D-4288-99D2-5B6C0C30C427}.Debug|Any CPU.Build.0 = Debug|Any CPU
		{558B024C-981D-4288-99D2-5B6C0C30C427}.Release|Any CPU.ActiveCfg = Release|Any CPU
		{558B024C-981D-4288-99D2-5B6C0C30C427}.Release|Any CPU.Build.0 = Release|Any CPU
		{FF655439-DFFE-4BE4-AB76-BC84EE188C7F}.Debug|Any CPU.ActiveCfg = Debug|Any CPU
		{FF655439-DFFE-4BE4-AB76-BC84EE188C7F}.Debug|Any CPU.Build.0 = Debug|Any CPU
		{FF655439-DFFE-4BE4-AB76-BC84EE188C7F}.Release|Any CPU.ActiveCfg = Release|Any CPU
		{FF655439-DFFE-4BE4-AB76-BC84EE188C7F}.Release|Any CPU.Build.0 = Release|Any CPU
		{A9C4DF80-0A9F-4979-AB4B-201A5B573A61}.Debug|Any CPU.ActiveCfg = Debug|Any CPU
		{A9C4DF80-0A9F-4979-AB4B-201A5B573A61}.Debug|Any CPU.Build.0 = Debug|Any CPU
		{A9C4DF80-0A9F-4979-AB4B-201A5B573A61}.Release|Any CPU.ActiveCfg = Release|Any CPU
		{A9C4DF80-0A9F-4979-AB4B-201A5B573A61}.Release|Any CPU.Build.0 = Release|Any CPU
		{FF839E56-FD43-4CEF-9775-B440D6BA4099}.Debug|Any CPU.ActiveCfg = Debug|Any CPU
		{FF839E56-FD43-4CEF-9775-B440D6BA4099}.Debug|Any CPU.Build.0 = Debug|Any CPU
		{FF839E56-FD43-4CEF-9775-B440D6BA4099}.Release|Any CPU.ActiveCfg = Release|Any CPU
		{FF839E56-FD43-4CEF-9775-B440D6BA4099}.Release|Any CPU.Build.0 = Release|Any CPU
		{A3FAE253-EF1C-4B77-BBCA-A2E85F22E48B}.Debug|Any CPU.ActiveCfg = Debug|Any CPU
		{A3FAE253-EF1C-4B77-BBCA-A2E85F22E48B}.Debug|Any CPU.Build.0 = Debug|Any CPU
		{A3FAE253-EF1C-4B77-BBCA-A2E85F22E48B}.Release|Any CPU.ActiveCfg = Release|Any CPU
		{A3FAE253-EF1C-4B77-BBCA-A2E85F22E48B}.Release|Any CPU.Build.0 = Release|Any CPU
		{6BEF15C2-29A2-4E57-8879-1B4AD0B4935E}.Debug|Any CPU.ActiveCfg = Debug|Any CPU
		{6BEF15C2-29A2-4E57-8879-1B4AD0B4935E}.Debug|Any CPU.Build.0 = Debug|Any CPU
		{6BEF15C2-29A2-4E57-8879-1B4AD0B4935E}.Release|Any CPU.ActiveCfg = Release|Any CPU
		{6BEF15C2-29A2-4E57-8879-1B4AD0B4935E}.Release|Any CPU.Build.0 = Release|Any CPU
		{0B7591F5-37C8-4570-ACEF-782CE3F12957}.Debug|Any CPU.ActiveCfg = Debug|Any CPU
		{0B7591F5-37C8-4570-ACEF-782CE3F12957}.Debug|Any CPU.Build.0 = Debug|Any CPU
		{0B7591F5-37C8-4570-ACEF-782CE3F12957}.Release|Any CPU.ActiveCfg = Release|Any CPU
		{0B7591F5-37C8-4570-ACEF-782CE3F12957}.Release|Any CPU.Build.0 = Release|Any CPU
		{31026659-0E64-4344-A8E2-A3C5477E4A94}.Debug|Any CPU.ActiveCfg = Debug|Any CPU
		{31026659-0E64-4344-A8E2-A3C5477E4A94}.Debug|Any CPU.Build.0 = Debug|Any CPU
		{31026659-0E64-4344-A8E2-A3C5477E4A94}.Release|Any CPU.ActiveCfg = Release|Any CPU
		{31026659-0E64-4344-A8E2-A3C5477E4A94}.Release|Any CPU.Build.0 = Release|Any CPU
		{F9E0154E-2DFC-480F-9B3A-B30548C41DFD}.Debug|Any CPU.ActiveCfg = Debug|Any CPU
		{F9E0154E-2DFC-480F-9B3A-B30548C41DFD}.Debug|Any CPU.Build.0 = Debug|Any CPU
		{F9E0154E-2DFC-480F-9B3A-B30548C41DFD}.Release|Any CPU.ActiveCfg = Release|Any CPU
		{F9E0154E-2DFC-480F-9B3A-B30548C41DFD}.Release|Any CPU.Build.0 = Release|Any CPU
		{AF8A5195-E56B-41E6-85A2-83E501E69500}.Debug|Any CPU.ActiveCfg = Debug|Any CPU
		{AF8A5195-E56B-41E6-85A2-83E501E69500}.Debug|Any CPU.Build.0 = Debug|Any CPU
		{AF8A5195-E56B-41E6-85A2-83E501E69500}.Release|Any CPU.ActiveCfg = Release|Any CPU
		{AF8A5195-E56B-41E6-85A2-83E501E69500}.Release|Any CPU.Build.0 = Release|Any CPU
		{725CF25C-F3F0-4833-A501-8FD8F3596837}.Debug|Any CPU.ActiveCfg = Debug|Any CPU
		{725CF25C-F3F0-4833-A501-8FD8F3596837}.Debug|Any CPU.Build.0 = Debug|Any CPU
		{725CF25C-F3F0-4833-A501-8FD8F3596837}.Release|Any CPU.ActiveCfg = Release|Any CPU
		{725CF25C-F3F0-4833-A501-8FD8F3596837}.Release|Any CPU.Build.0 = Release|Any CPU
		{BF73D290-6C07-4EC6-8546-447F15B543C7}.Debug|Any CPU.ActiveCfg = Debug|Any CPU
		{BF73D290-6C07-4EC6-8546-447F15B543C7}.Debug|Any CPU.Build.0 = Debug|Any CPU
		{BF73D290-6C07-4EC6-8546-447F15B543C7}.Release|Any CPU.ActiveCfg = Release|Any CPU
		{BF73D290-6C07-4EC6-8546-447F15B543C7}.Release|Any CPU.Build.0 = Release|Any CPU
		{54AA84C4-3986-4E0C-9F3B-2D17C00C8CD5}.Debug|Any CPU.ActiveCfg = Debug|Any CPU
		{54AA84C4-3986-4E0C-9F3B-2D17C00C8CD5}.Debug|Any CPU.Build.0 = Debug|Any CPU
		{54AA84C4-3986-4E0C-9F3B-2D17C00C8CD5}.Release|Any CPU.ActiveCfg = Release|Any CPU
		{54AA84C4-3986-4E0C-9F3B-2D17C00C8CD5}.Release|Any CPU.Build.0 = Release|Any CPU
		{F933280F-F5C2-4145-B857-A70B921D940A}.Debug|Any CPU.ActiveCfg = Debug|Any CPU
		{F933280F-F5C2-4145-B857-A70B921D940A}.Debug|Any CPU.Build.0 = Debug|Any CPU
		{F933280F-F5C2-4145-B857-A70B921D940A}.Release|Any CPU.ActiveCfg = Release|Any CPU
		{F933280F-F5C2-4145-B857-A70B921D940A}.Release|Any CPU.Build.0 = Release|Any CPU
		{71D8B6B2-09F3-4060-B073-A3F5D944C304}.Debug|Any CPU.ActiveCfg = Debug|Any CPU
		{71D8B6B2-09F3-4060-B073-A3F5D944C304}.Debug|Any CPU.Build.0 = Debug|Any CPU
		{71D8B6B2-09F3-4060-B073-A3F5D944C304}.Release|Any CPU.ActiveCfg = Release|Any CPU
		{71D8B6B2-09F3-4060-B073-A3F5D944C304}.Release|Any CPU.Build.0 = Release|Any CPU
		{5F9D5028-12C8-4819-9B8E-ACE017B63132}.Debug|Any CPU.ActiveCfg = Debug|Any CPU
		{5F9D5028-12C8-4819-9B8E-ACE017B63132}.Debug|Any CPU.Build.0 = Debug|Any CPU
		{5F9D5028-12C8-4819-9B8E-ACE017B63132}.Release|Any CPU.ActiveCfg = Release|Any CPU
		{5F9D5028-12C8-4819-9B8E-ACE017B63132}.Release|Any CPU.Build.0 = Release|Any CPU
		{06B4A342-2E42-4F66-A0FE-CD6110DDF980}.Debug|Any CPU.ActiveCfg = Debug|Any CPU
		{06B4A342-2E42-4F66-A0FE-CD6110DDF980}.Debug|Any CPU.Build.0 = Debug|Any CPU
		{06B4A342-2E42-4F66-A0FE-CD6110DDF980}.Release|Any CPU.ActiveCfg = Release|Any CPU
		{06B4A342-2E42-4F66-A0FE-CD6110DDF980}.Release|Any CPU.Build.0 = Release|Any CPU
		{8452EA31-F7BB-4897-8881-F3EE3F82049A}.Debug|Any CPU.ActiveCfg = Debug|Any CPU
		{8452EA31-F7BB-4897-8881-F3EE3F82049A}.Debug|Any CPU.Build.0 = Debug|Any CPU
		{8452EA31-F7BB-4897-8881-F3EE3F82049A}.Release|Any CPU.ActiveCfg = Release|Any CPU
		{8452EA31-F7BB-4897-8881-F3EE3F82049A}.Release|Any CPU.Build.0 = Release|Any CPU
		{DD7848E5-3489-454E-BF37-49B6FE4C7F01}.Debug|Any CPU.ActiveCfg = Debug|Any CPU
		{DD7848E5-3489-454E-BF37-49B6FE4C7F01}.Debug|Any CPU.Build.0 = Debug|Any CPU
		{DD7848E5-3489-454E-BF37-49B6FE4C7F01}.Release|Any CPU.ActiveCfg = Release|Any CPU
		{DD7848E5-3489-454E-BF37-49B6FE4C7F01}.Release|Any CPU.Build.0 = Release|Any CPU
		{82A783ED-11AD-407D-990B-A6AE9D557290}.Debug|Any CPU.ActiveCfg = Debug|Any CPU
		{82A783ED-11AD-407D-990B-A6AE9D557290}.Debug|Any CPU.Build.0 = Debug|Any CPU
		{82A783ED-11AD-407D-990B-A6AE9D557290}.Release|Any CPU.ActiveCfg = Release|Any CPU
		{82A783ED-11AD-407D-990B-A6AE9D557290}.Release|Any CPU.Build.0 = Release|Any CPU
		{791D316B-41D7-4B19-A25B-A58EBEA4E04A}.Debug|Any CPU.ActiveCfg = Debug|Any CPU
		{791D316B-41D7-4B19-A25B-A58EBEA4E04A}.Debug|Any CPU.Build.0 = Debug|Any CPU
		{791D316B-41D7-4B19-A25B-A58EBEA4E04A}.Release|Any CPU.ActiveCfg = Release|Any CPU
		{791D316B-41D7-4B19-A25B-A58EBEA4E04A}.Release|Any CPU.Build.0 = Release|Any CPU
		{EDAA9CD3-1474-4588-9E3B-E970CED20F0F}.Debug|Any CPU.ActiveCfg = Debug|Any CPU
		{EDAA9CD3-1474-4588-9E3B-E970CED20F0F}.Debug|Any CPU.Build.0 = Debug|Any CPU
		{EDAA9CD3-1474-4588-9E3B-E970CED20F0F}.Release|Any CPU.ActiveCfg = Release|Any CPU
		{EDAA9CD3-1474-4588-9E3B-E970CED20F0F}.Release|Any CPU.Build.0 = Release|Any CPU
		{F5AA7892-A533-4603-959F-A990AE569C59}.Debug|Any CPU.ActiveCfg = Debug|Any CPU
		{F5AA7892-A533-4603-959F-A990AE569C59}.Debug|Any CPU.Build.0 = Debug|Any CPU
		{F5AA7892-A533-4603-959F-A990AE569C59}.Release|Any CPU.ActiveCfg = Release|Any CPU
		{F5AA7892-A533-4603-959F-A990AE569C59}.Release|Any CPU.Build.0 = Release|Any CPU
		{F645710B-4FE8-430C-9860-B289743CAE23}.Debug|Any CPU.ActiveCfg = Debug|Any CPU
		{F645710B-4FE8-430C-9860-B289743CAE23}.Debug|Any CPU.Build.0 = Debug|Any CPU
		{F645710B-4FE8-430C-9860-B289743CAE23}.Release|Any CPU.ActiveCfg = Release|Any CPU
		{F645710B-4FE8-430C-9860-B289743CAE23}.Release|Any CPU.Build.0 = Release|Any CPU
		{E629B642-AF9B-4FB6-AFE3-6258E2F0B953}.Debug|Any CPU.ActiveCfg = Debug|Any CPU
		{E629B642-AF9B-4FB6-AFE3-6258E2F0B953}.Debug|Any CPU.Build.0 = Debug|Any CPU
		{E629B642-AF9B-4FB6-AFE3-6258E2F0B953}.Release|Any CPU.ActiveCfg = Release|Any CPU
		{E629B642-AF9B-4FB6-AFE3-6258E2F0B953}.Release|Any CPU.Build.0 = Release|Any CPU
		{E72ADFB6-4AA5-4210-BC6B-A68927644526}.Debug|Any CPU.ActiveCfg = Debug|Any CPU
		{E72ADFB6-4AA5-4210-BC6B-A68927644526}.Debug|Any CPU.Build.0 = Debug|Any CPU
		{E72ADFB6-4AA5-4210-BC6B-A68927644526}.Release|Any CPU.ActiveCfg = Release|Any CPU
		{E72ADFB6-4AA5-4210-BC6B-A68927644526}.Release|Any CPU.Build.0 = Release|Any CPU
		{66849ED5-C951-450A-8867-AE5FA8109FC3}.Debug|Any CPU.ActiveCfg = Debug|Any CPU
		{66849ED5-C951-450A-8867-AE5FA8109FC3}.Debug|Any CPU.Build.0 = Debug|Any CPU
		{66849ED5-C951-450A-8867-AE5FA8109FC3}.Release|Any CPU.ActiveCfg = Release|Any CPU
		{66849ED5-C951-450A-8867-AE5FA8109FC3}.Release|Any CPU.Build.0 = Release|Any CPU
		{D5892A0B-DE58-42C2-B5EE-E1C34745493B}.Debug|Any CPU.ActiveCfg = Debug|Any CPU
		{D5892A0B-DE58-42C2-B5EE-E1C34745493B}.Debug|Any CPU.Build.0 = Debug|Any CPU
		{D5892A0B-DE58-42C2-B5EE-E1C34745493B}.Release|Any CPU.ActiveCfg = Release|Any CPU
		{D5892A0B-DE58-42C2-B5EE-E1C34745493B}.Release|Any CPU.Build.0 = Release|Any CPU
		{0E76C63C-66CC-43BE-A6AF-A7862E669C2F}.Debug|Any CPU.ActiveCfg = Debug|Any CPU
		{0E76C63C-66CC-43BE-A6AF-A7862E669C2F}.Debug|Any CPU.Build.0 = Debug|Any CPU
		{0E76C63C-66CC-43BE-A6AF-A7862E669C2F}.Release|Any CPU.ActiveCfg = Release|Any CPU
		{0E76C63C-66CC-43BE-A6AF-A7862E669C2F}.Release|Any CPU.Build.0 = Release|Any CPU
		{BDF15495-BC59-4A66-8643-F8166907B28E}.Debug|Any CPU.ActiveCfg = Debug|Any CPU
		{BDF15495-BC59-4A66-8643-F8166907B28E}.Debug|Any CPU.Build.0 = Debug|Any CPU
		{BDF15495-BC59-4A66-8643-F8166907B28E}.Release|Any CPU.ActiveCfg = Release|Any CPU
		{BDF15495-BC59-4A66-8643-F8166907B28E}.Release|Any CPU.Build.0 = Release|Any CPU
		{BF997370-81F3-4DCA-81A3-AF7D9050ABB1}.Debug|Any CPU.ActiveCfg = Debug|Any CPU
		{BF997370-81F3-4DCA-81A3-AF7D9050ABB1}.Debug|Any CPU.Build.0 = Debug|Any CPU
		{BF997370-81F3-4DCA-81A3-AF7D9050ABB1}.Release|Any CPU.ActiveCfg = Release|Any CPU
		{BF997370-81F3-4DCA-81A3-AF7D9050ABB1}.Release|Any CPU.Build.0 = Release|Any CPU
		{15554D7C-32B3-48A2-9475-2364A721A1F7}.Debug|Any CPU.ActiveCfg = Debug|Any CPU
		{15554D7C-32B3-48A2-9475-2364A721A1F7}.Debug|Any CPU.Build.0 = Debug|Any CPU
		{15554D7C-32B3-48A2-9475-2364A721A1F7}.Release|Any CPU.ActiveCfg = Release|Any CPU
		{15554D7C-32B3-48A2-9475-2364A721A1F7}.Release|Any CPU.Build.0 = Release|Any CPU
		{0897A17C-8822-4E42-83BE-A59F21A4E5E2}.Debug|Any CPU.ActiveCfg = Debug|Any CPU
		{0897A17C-8822-4E42-83BE-A59F21A4E5E2}.Debug|Any CPU.Build.0 = Debug|Any CPU
		{0897A17C-8822-4E42-83BE-A59F21A4E5E2}.Release|Any CPU.ActiveCfg = Release|Any CPU
		{0897A17C-8822-4E42-83BE-A59F21A4E5E2}.Release|Any CPU.Build.0 = Release|Any CPU
		{5BEF24DB-61B5-4615-A578-3BEB1F4FD1D8}.Debug|Any CPU.ActiveCfg = Debug|Any CPU
		{5BEF24DB-61B5-4615-A578-3BEB1F4FD1D8}.Debug|Any CPU.Build.0 = Debug|Any CPU
		{5BEF24DB-61B5-4615-A578-3BEB1F4FD1D8}.Release|Any CPU.ActiveCfg = Release|Any CPU
		{5BEF24DB-61B5-4615-A578-3BEB1F4FD1D8}.Release|Any CPU.Build.0 = Release|Any CPU
		{C26AB687-63B1-4C4C-8FDC-B1CF182C9E92}.Debug|Any CPU.ActiveCfg = Debug|Any CPU
		{C26AB687-63B1-4C4C-8FDC-B1CF182C9E92}.Debug|Any CPU.Build.0 = Debug|Any CPU
		{C26AB687-63B1-4C4C-8FDC-B1CF182C9E92}.Release|Any CPU.ActiveCfg = Release|Any CPU
		{C26AB687-63B1-4C4C-8FDC-B1CF182C9E92}.Release|Any CPU.Build.0 = Release|Any CPU
		{0D5E94AD-2311-4430-92FA-02BF01267BF3}.Debug|Any CPU.ActiveCfg = Debug|Any CPU
		{0D5E94AD-2311-4430-92FA-02BF01267BF3}.Debug|Any CPU.Build.0 = Debug|Any CPU
		{0D5E94AD-2311-4430-92FA-02BF01267BF3}.Release|Any CPU.ActiveCfg = Release|Any CPU
		{0D5E94AD-2311-4430-92FA-02BF01267BF3}.Release|Any CPU.Build.0 = Release|Any CPU
		{995A7CF5-FE4A-4CC1-ACF3-FABD03A94F69}.Debug|Any CPU.ActiveCfg = Debug|Any CPU
		{995A7CF5-FE4A-4CC1-ACF3-FABD03A94F69}.Debug|Any CPU.Build.0 = Debug|Any CPU
		{995A7CF5-FE4A-4CC1-ACF3-FABD03A94F69}.Release|Any CPU.ActiveCfg = Release|Any CPU
		{995A7CF5-FE4A-4CC1-ACF3-FABD03A94F69}.Release|Any CPU.Build.0 = Release|Any CPU
		{D9CC341C-4A32-4D91-BD8F-D23663F89347}.Debug|Any CPU.ActiveCfg = Debug|Any CPU
		{D9CC341C-4A32-4D91-BD8F-D23663F89347}.Debug|Any CPU.Build.0 = Debug|Any CPU
		{D9CC341C-4A32-4D91-BD8F-D23663F89347}.Release|Any CPU.ActiveCfg = Release|Any CPU
		{D9CC341C-4A32-4D91-BD8F-D23663F89347}.Release|Any CPU.Build.0 = Release|Any CPU
		{D24F093F-20B5-43F3-A84F-B6E92C9A7000}.Debug|Any CPU.ActiveCfg = Debug|Any CPU
		{D24F093F-20B5-43F3-A84F-B6E92C9A7000}.Debug|Any CPU.Build.0 = Debug|Any CPU
		{D24F093F-20B5-43F3-A84F-B6E92C9A7000}.Release|Any CPU.ActiveCfg = Release|Any CPU
		{D24F093F-20B5-43F3-A84F-B6E92C9A7000}.Release|Any CPU.Build.0 = Release|Any CPU
		{ADBD41EE-24F8-45BE-BCD1-DFFCE200D3F2}.Debug|Any CPU.ActiveCfg = Debug|Any CPU
		{ADBD41EE-24F8-45BE-BCD1-DFFCE200D3F2}.Debug|Any CPU.Build.0 = Debug|Any CPU
		{ADBD41EE-24F8-45BE-BCD1-DFFCE200D3F2}.Release|Any CPU.ActiveCfg = Release|Any CPU
		{ADBD41EE-24F8-45BE-BCD1-DFFCE200D3F2}.Release|Any CPU.Build.0 = Release|Any CPU
		{02A6E867-4133-413C-9909-A8F1890D9A66}.Debug|Any CPU.ActiveCfg = Debug|Any CPU
		{02A6E867-4133-413C-9909-A8F1890D9A66}.Debug|Any CPU.Build.0 = Debug|Any CPU
		{02A6E867-4133-413C-9909-A8F1890D9A66}.Release|Any CPU.ActiveCfg = Release|Any CPU
		{02A6E867-4133-413C-9909-A8F1890D9A66}.Release|Any CPU.Build.0 = Release|Any CPU
		{DCA6E3FE-3342-4F49-B3BA-5F658DCC76D2}.Debug|Any CPU.ActiveCfg = Debug|Any CPU
		{DCA6E3FE-3342-4F49-B3BA-5F658DCC76D2}.Debug|Any CPU.Build.0 = Debug|Any CPU
		{DCA6E3FE-3342-4F49-B3BA-5F658DCC76D2}.Release|Any CPU.ActiveCfg = Release|Any CPU
		{DCA6E3FE-3342-4F49-B3BA-5F658DCC76D2}.Release|Any CPU.Build.0 = Release|Any CPU
		{6A6D3355-18D7-4E66-96C2-85864540BF5C}.Debug|Any CPU.ActiveCfg = Debug|Any CPU
		{6A6D3355-18D7-4E66-96C2-85864540BF5C}.Debug|Any CPU.Build.0 = Debug|Any CPU
		{6A6D3355-18D7-4E66-96C2-85864540BF5C}.Release|Any CPU.ActiveCfg = Release|Any CPU
		{6A6D3355-18D7-4E66-96C2-85864540BF5C}.Release|Any CPU.Build.0 = Release|Any CPU
		{5D0EC23C-2C3D-4E93-90CA-05DE3CDE9687}.Debug|Any CPU.ActiveCfg = Debug|Any CPU
		{5D0EC23C-2C3D-4E93-90CA-05DE3CDE9687}.Debug|Any CPU.Build.0 = Debug|Any CPU
		{5D0EC23C-2C3D-4E93-90CA-05DE3CDE9687}.Release|Any CPU.ActiveCfg = Release|Any CPU
		{5D0EC23C-2C3D-4E93-90CA-05DE3CDE9687}.Release|Any CPU.Build.0 = Release|Any CPU
		{1C273ECE-5749-486C-BF89-BA27F83DA864}.Debug|Any CPU.ActiveCfg = Debug|Any CPU
		{1C273ECE-5749-486C-BF89-BA27F83DA864}.Debug|Any CPU.Build.0 = Debug|Any CPU
		{1C273ECE-5749-486C-BF89-BA27F83DA864}.Release|Any CPU.ActiveCfg = Release|Any CPU
		{1C273ECE-5749-486C-BF89-BA27F83DA864}.Release|Any CPU.Build.0 = Release|Any CPU
		{2A13D301-4DFB-4B0E-8388-B68E33518FF2}.Debug|Any CPU.ActiveCfg = Debug|Any CPU
		{2A13D301-4DFB-4B0E-8388-B68E33518FF2}.Debug|Any CPU.Build.0 = Debug|Any CPU
		{2A13D301-4DFB-4B0E-8388-B68E33518FF2}.Release|Any CPU.ActiveCfg = Release|Any CPU
		{2A13D301-4DFB-4B0E-8388-B68E33518FF2}.Release|Any CPU.Build.0 = Release|Any CPU
		{C6AC63B3-23AA-4AC3-9B11-C43B44F6C89A}.Debug|Any CPU.ActiveCfg = Debug|Any CPU
		{C6AC63B3-23AA-4AC3-9B11-C43B44F6C89A}.Debug|Any CPU.Build.0 = Debug|Any CPU
		{C6AC63B3-23AA-4AC3-9B11-C43B44F6C89A}.Release|Any CPU.ActiveCfg = Release|Any CPU
		{C6AC63B3-23AA-4AC3-9B11-C43B44F6C89A}.Release|Any CPU.Build.0 = Release|Any CPU
		{A10A3EE0-079A-4FB4-82AF-B7D680EE2690}.Debug|Any CPU.ActiveCfg = Debug|Any CPU
		{A10A3EE0-079A-4FB4-82AF-B7D680EE2690}.Debug|Any CPU.Build.0 = Debug|Any CPU
		{A10A3EE0-079A-4FB4-82AF-B7D680EE2690}.Release|Any CPU.ActiveCfg = Release|Any CPU
		{A10A3EE0-079A-4FB4-82AF-B7D680EE2690}.Release|Any CPU.Build.0 = Release|Any CPU
		{4019C53F-2185-4ACF-A816-C659607B05E5}.Debug|Any CPU.ActiveCfg = Debug|Any CPU
		{4019C53F-2185-4ACF-A816-C659607B05E5}.Debug|Any CPU.Build.0 = Debug|Any CPU
		{4019C53F-2185-4ACF-A816-C659607B05E5}.Release|Any CPU.ActiveCfg = Release|Any CPU
		{4019C53F-2185-4ACF-A816-C659607B05E5}.Release|Any CPU.Build.0 = Release|Any CPU
	EndGlobalSection
	GlobalSection(SolutionProperties) = preSolution
		HideSolutionNode = FALSE
	EndGlobalSection
	GlobalSection(NestedProjects) = preSolution
		{65823091-FE7C-4B96-96AB-1D4D09B45DA2} = {F8C07F29-7233-4FD3-A3DC-45963071E20A}
		{DC9E894F-E65F-443E-9F4E-6FEDB46F06DC} = {B405B0AE-6ECD-4586-B3D6-9D875073DFAF}
		{558B024C-981D-4288-99D2-5B6C0C30C427} = {DC9E894F-E65F-443E-9F4E-6FEDB46F06DC}
		{FF655439-DFFE-4BE4-AB76-BC84EE188C7F} = {DC9E894F-E65F-443E-9F4E-6FEDB46F06DC}
		{82B05679-3A56-4E9A-BFA3-B68D29821B8A} = {B405B0AE-6ECD-4586-B3D6-9D875073DFAF}
		{A9C4DF80-0A9F-4979-AB4B-201A5B573A61} = {82B05679-3A56-4E9A-BFA3-B68D29821B8A}
		{FF839E56-FD43-4CEF-9775-B440D6BA4099} = {825D21FC-245C-4B6B-B237-E4ADEB2C98DC}
		{A3FAE253-EF1C-4B77-BBCA-A2E85F22E48B} = {397AE2E0-1FB6-4B71-A888-328FF7FA05B4}
		{6BEF15C2-29A2-4E57-8879-1B4AD0B4935E} = {FB46E926-0EEC-488C-B950-A16D2E7F694B}
		{0B7591F5-37C8-4570-ACEF-782CE3F12957} = {FB46E926-0EEC-488C-B950-A16D2E7F694B}
		{31026659-0E64-4344-A8E2-A3C5477E4A94} = {F4D798A3-8D65-4750-9552-B02BCE081508}
		{F9E0154E-2DFC-480F-9B3A-B30548C41DFD} = {969A695E-BEB5-45B8-93D8-B31640FA495D}
		{AF8A5195-E56B-41E6-85A2-83E501E69500} = {EFB33E23-9E98-4B85-99E4-865705D5ACD2}
		{725CF25C-F3F0-4833-A501-8FD8F3596837} = {5836A018-B0F3-4D6F-8C45-FC1E9C85D51A}
		{BF73D290-6C07-4EC6-8546-447F15B543C7} = {5836A018-B0F3-4D6F-8C45-FC1E9C85D51A}
		{54AA84C4-3986-4E0C-9F3B-2D17C00C8CD5} = {94F46729-90A8-415A-92E0-2D996D3210B4}
		{F933280F-F5C2-4145-B857-A70B921D940A} = {94F46729-90A8-415A-92E0-2D996D3210B4}
		{5E9585EE-934F-41B4-9ECA-FB0C55A155EF} = {BF701694-E1CE-4FD1-97BA-DA832F6F3D45}
		{24212B0A-8DAA-4AC3-BB5D-F3AC485EABA4} = {BF701694-E1CE-4FD1-97BA-DA832F6F3D45}
		{5C17B127-95DD-480C-BDCC-7FDF5E645B0C} = {BF701694-E1CE-4FD1-97BA-DA832F6F3D45}
		{DB89FCB6-E4F9-4BD4-93F3-4E857741D749} = {FB46E926-0EEC-488C-B950-A16D2E7F694B}
		{71D8B6B2-09F3-4060-B073-A3F5D944C304} = {DB89FCB6-E4F9-4BD4-93F3-4E857741D749}
		{5F9D5028-12C8-4819-9B8E-ACE017B63132} = {84D1227F-3419-4BCD-9331-8B61B2C19784}
		{06B4A342-2E42-4F66-A0FE-CD6110DDF980} = {EB38E883-88AF-4E4C-9DCD-FAEBD8A20968}
		{8452EA31-F7BB-4897-8881-F3EE3F82049A} = {EB38E883-88AF-4E4C-9DCD-FAEBD8A20968}
		{DD7848E5-3489-454E-BF37-49B6FE4C7F01} = {EB38E883-88AF-4E4C-9DCD-FAEBD8A20968}
		{82A783ED-11AD-407D-990B-A6AE9D557290} = {EB38E883-88AF-4E4C-9DCD-FAEBD8A20968}
		{8B9374B5-42D7-48C9-84C7-A560167F0D47} = {F4D798A3-8D65-4750-9552-B02BCE081508}
		{791D316B-41D7-4B19-A25B-A58EBEA4E04A} = {8B9374B5-42D7-48C9-84C7-A560167F0D47}
		{EDAA9CD3-1474-4588-9E3B-E970CED20F0F} = {8B9374B5-42D7-48C9-84C7-A560167F0D47}
		{5777979E-5737-46EF-9B0E-9C18FA7004B6} = {BF701694-E1CE-4FD1-97BA-DA832F6F3D45}
		{1DE974CF-D77E-4E9B-B3F9-7E5A3F9C4A67} = {BF701694-E1CE-4FD1-97BA-DA832F6F3D45}
		{F5AA7892-A533-4603-959F-A990AE569C59} = {6D046723-8625-4D69-BD71-64E5F43B210A}
		{F645710B-4FE8-430C-9860-B289743CAE23} = {59C3DFB0-C6E1-4F7E-AD9D-9857A4153A1E}
		{97C928E3-54D6-4FAE-A314-775BE9E25A14} = {FB46E926-0EEC-488C-B950-A16D2E7F694B}
		{E629B642-AF9B-4FB6-AFE3-6258E2F0B953} = {97C928E3-54D6-4FAE-A314-775BE9E25A14}
		{E72ADFB6-4AA5-4210-BC6B-A68927644526} = {F8C07F29-7233-4FD3-A3DC-45963071E20A}
		{66849ED5-C951-450A-8867-AE5FA8109FC3} = {DFAE990A-30E8-4974-A130-D66E9B3486B7}
		{D5892A0B-DE58-42C2-B5EE-E1C34745493B} = {F8C07F29-7233-4FD3-A3DC-45963071E20A}
		{0E76C63C-66CC-43BE-A6AF-A7862E669C2F} = {14C9DCF7-767F-48F5-956F-782161BA2420}
		{BDF15495-BC59-4A66-8643-F8166907B28E} = {55970A52-E1A6-493B-91C4-9F4EE3E888B6}
		{BF997370-81F3-4DCA-81A3-AF7D9050ABB1} = {F8C07F29-7233-4FD3-A3DC-45963071E20A}
		{5B8D8451-E920-42E5-9F6A-D6D1238A24B4} = {FB46E926-0EEC-488C-B950-A16D2E7F694B}
		{15554D7C-32B3-48A2-9475-2364A721A1F7} = {5B8D8451-E920-42E5-9F6A-D6D1238A24B4}
		{0897A17C-8822-4E42-83BE-A59F21A4E5E2} = {EB38E883-88AF-4E4C-9DCD-FAEBD8A20968}
		{5BEF24DB-61B5-4615-A578-3BEB1F4FD1D8} = {EB38E883-88AF-4E4C-9DCD-FAEBD8A20968}
		{32AE404F-B9EB-4793-A947-CACD58B2B5E2} = {BF701694-E1CE-4FD1-97BA-DA832F6F3D45}
		{ECB9C1D8-AB1D-4105-AF2F-BC9D14158BF3} = {F4D798A3-8D65-4750-9552-B02BCE081508}
		{C26AB687-63B1-4C4C-8FDC-B1CF182C9E92} = {ECB9C1D8-AB1D-4105-AF2F-BC9D14158BF3}
		{F4BC22A9-7007-46B1-B168-DFB2A2E0EA24} = {BF701694-E1CE-4FD1-97BA-DA832F6F3D45}
		{405C6B1D-CCFE-407A-9A96-3548C55B0D1F} = {BF701694-E1CE-4FD1-97BA-DA832F6F3D45}
		{D4C8400D-94FB-4C82-A7A2-26BD970A42D8} = {BF701694-E1CE-4FD1-97BA-DA832F6F3D45}
		{8CFACB33-960A-4BA7-972F-059B81E1A4B2} = {BF701694-E1CE-4FD1-97BA-DA832F6F3D45}
		{B7D7FF93-7003-44AA-A88F-EB192B38C00A} = {BF701694-E1CE-4FD1-97BA-DA832F6F3D45}
		{0D5E94AD-2311-4430-92FA-02BF01267BF3} = {24212B0A-8DAA-4AC3-BB5D-F3AC485EABA4}
		{995A7CF5-FE4A-4CC1-ACF3-FABD03A94F69} = {F4BC22A9-7007-46B1-B168-DFB2A2E0EA24}
		{D9CC341C-4A32-4D91-BD8F-D23663F89347} = {8CFACB33-960A-4BA7-972F-059B81E1A4B2}
		{D24F093F-20B5-43F3-A84F-B6E92C9A7000} = {8CFACB33-960A-4BA7-972F-059B81E1A4B2}
		{ADBD41EE-24F8-45BE-BCD1-DFFCE200D3F2} = {8CFACB33-960A-4BA7-972F-059B81E1A4B2}
		{02A6E867-4133-413C-9909-A8F1890D9A66} = {D4C8400D-94FB-4C82-A7A2-26BD970A42D8}
		{DCA6E3FE-3342-4F49-B3BA-5F658DCC76D2} = {5777979E-5737-46EF-9B0E-9C18FA7004B6}
		{6A6D3355-18D7-4E66-96C2-85864540BF5C} = {405C6B1D-CCFE-407A-9A96-3548C55B0D1F}
		{5D0EC23C-2C3D-4E93-90CA-05DE3CDE9687} = {405C6B1D-CCFE-407A-9A96-3548C55B0D1F}
		{1C273ECE-5749-486C-BF89-BA27F83DA864} = {32AE404F-B9EB-4793-A947-CACD58B2B5E2}
		{2A13D301-4DFB-4B0E-8388-B68E33518FF2} = {1DE974CF-D77E-4E9B-B3F9-7E5A3F9C4A67}
		{63EE2247-0A5B-47F9-B8AA-AED5BC8FC873} = {BF701694-E1CE-4FD1-97BA-DA832F6F3D45}
		{C6AC63B3-23AA-4AC3-9B11-C43B44F6C89A} = {63EE2247-0A5B-47F9-B8AA-AED5BC8FC873}
		{A10A3EE0-079A-4FB4-82AF-B7D680EE2690} = {5C17B127-95DD-480C-BDCC-7FDF5E645B0C}
		{4019C53F-2185-4ACF-A816-C659607B05E5} = {B7D7FF93-7003-44AA-A88F-EB192B38C00A}
	EndGlobalSection
	GlobalSection(ExtensibilityGlobals) = postSolution
		SolutionGuid = {DB787235-A13A-4A3D-B5A8-5DFEB6511EEE}
	EndGlobalSection
EndGlobal
