
Microsoft Visual Studio Solution File, Format Version 12.00
# Visual Studio Version 17
VisualStudioVersion = 17.7.34018.315
MinimumVisualStudioVersion = 10.0.40219.1
Project("{9A19103F-16F7-4668-BE54-9A1E7A4F7556}") = "NamedPipeStressTestingConsoleApp", "NamedPipeStressTestingConsoleApp\NamedPipeStressTestingConsoleApp.csproj", "{6DC75EA5-23B6-485B-B41A-BDD2FC7C5C60}"
EndProject
Global
	GlobalSection(SolutionConfigurationPlatforms) = preSolution
		Debug|Any CPU = Debug|Any CPU
		Release|Any CPU = Release|Any CPU
	EndGlobalSection
	GlobalSection(ProjectConfigurationPlatforms) = postSolution
		{6DC75EA5-23B6-485B-B41A-BDD2FC7C5C60}.Debug|Any CPU.ActiveCfg = Debug|Any CPU
		{6DC75EA5-23B6-485B-B41A-BDD2FC7C5C60}.Debug|Any CPU.Build.0 = Debug|Any CPU
		{6DC75EA5-23B6-485B-B41A-BDD2FC7C5C60}.Release|Any CPU.ActiveCfg = Release|Any CPU
		{6DC75EA5-23B6-485B-B41A-BDD2FC7C5C60}.Release|Any CPU.Build.0 = Release|Any CPU
	EndGlobalSection
	GlobalSection(SolutionProperties) = preSolution
		HideSolutionNode = FALSE
	EndGlobalSection
	GlobalSection(ExtensibilityGlobals) = postSolution
		SolutionGuid = {4C3BFB6C-8D50-4805-8FA4-4A19DCA262DD}
	EndGlobalSection
EndGlobal
